// !$*UTF8*$!
{
	archiveVersion = 1;
	classes = {
	};
	objectVersion = 71;
	objects = {

/* Begin PBXBuildFile section */
		012C041938E3C795322FEF7514FDD446 /* AppDelegate.swift in Sources */ = {isa = PBXBuildFile; fileRef = C007B0B5556B8E472EF72A847DB0A020 /* AppDelegate.swift */; };
		047431B33D5167652AE798A415C76DE2 /* MCPRequestHandlerTests.swift in Sources */ = {isa = PBXBuildFile; fileRef = ED087F22E5A9D2FAE56A00426936C214 /* MCPRequestHandlerTests.swift */; };
		06BD60B3773AB61388F2DAA595509227 /* TaskActionsMenu.swift in Sources */ = {isa = PBXBuildFile; fileRef = 2BC3C6C85702E52514B0AAC38C0B06B2 /* TaskActionsMenu.swift */; };
		090BC9BDAB717A006599D1A9ACBDA6BC /* PeekPanelController.swift in Sources */ = {isa = PBXBuildFile; fileRef = 30EE6C838DBF9D647D814FAD47C2A024 /* PeekPanelController.swift */; };
		0EA26A825D9CC550683662AC64387FFB /* Cocoa.framework in Frameworks */ = {isa = PBXBuildFile; fileRef = D48385F82A409C25E4C6CF07D881EBF8 /* Cocoa.framework */; };
		0ED4BCB4C58F58FC5A7E70B469CDCC94 /* AgentHTTPRequestTests.swift in Sources */ = {isa = PBXBuildFile; fileRef = 0887F5967F38ACADACF7F8D44A9FE9D6 /* AgentHTTPRequestTests.swift */; };
		18EFD1B2799D4B77B3894542AC487CDB /* TaskStore.swift in Sources */ = {isa = PBXBuildFile; fileRef = 4023E9BE52D57CDE7AEDE65126F0037A /* TaskStore.swift */; };
		1A2AC9F699A92F509C12FD241100F328 /* AppSettings.swift in Sources */ = {isa = PBXBuildFile; fileRef = D17AE0085201BDCD6BBCFB9A0D4E47E0 /* AppSettings.swift */; };
		1BABE7C4832EE391EF16512E16F410D8 /* TaskDragPayload.swift in Sources */ = {isa = PBXBuildFile; fileRef = BF45BEA3F19D75FA57E0749CA3220AE4 /* TaskDragPayload.swift */; };
		1D762F14888F65E098403C9BD06D7DA1 /* AgentTaskTools.swift in Sources */ = {isa = PBXBuildFile; fileRef = 04B271BCEAE49920CD8EE265D88DF74E /* AgentTaskTools.swift */; };
		1DB06FB5325E52B06A734FEE6B1DA9A6 /* AgentAccessTokenStore.swift in Sources */ = {isa = PBXBuildFile; fileRef = 7B178DA14269A3565313FE40BAF91F6C /* AgentAccessTokenStore.swift */; };
		1DE85F40A8AEFE350B4532F4185DD94F /* MCPRequestHandler.swift in Sources */ = {isa = PBXBuildFile; fileRef = 376C3CB060128040B171418079F1273A /* MCPRequestHandler.swift */; };
		2162C015631D12811EC27A73DDF10AAE /* CornerHoverStateMachine.swift in Sources */ = {isa = PBXBuildFile; fileRef = C441649EFD9E12E857BECF265991FC5A /* CornerHoverStateMachine.swift */; };
		23C08AF32C7B0A621EEA7678514381ED /* SettingsWindowController.swift in Sources */ = {isa = PBXBuildFile; fileRef = A5FEAF65F806F6A15A6A2295FBFFF392 /* SettingsWindowController.swift */; };
		23ED4A70569BFF6E5DF0A2962EA2AD68 /* TaskRowView.swift in Sources */ = {isa = PBXBuildFile; fileRef = 5982C9497D9293C48CA48B57CA0B9E2B /* TaskRowView.swift */; };
		2A63260CAC4A8186C773CA50AD2B20FB /* MenuBarView.swift in Sources */ = {isa = PBXBuildFile; fileRef = E0B1617BFD40AEF1A99602427AE74E52 /* MenuBarView.swift */; };
		2CD3665DA698EDBF864B6F27066D6095 /* PeekabooTheme.swift in Sources */ = {isa = PBXBuildFile; fileRef = 30F65BB3E2F8A354787A040ED4EC3606 /* PeekabooTheme.swift */; };
		31FC80FAAD545412F2589B3725D1DDD3 /* DailyCleanupService.swift in Sources */ = {isa = PBXBuildFile; fileRef = 6C9AA7BAC6D08AA028DA57B0BCE75756 /* DailyCleanupService.swift */; };
		3657665ECA6DB58626DAB4363813545D /* PersistenceController.swift in Sources */ = {isa = PBXBuildFile; fileRef = B0527B7AA7AAAF137673875ECDCEE583 /* PersistenceController.swift */; };
		39C5A3C7AB12ACAAE87CC698EEDF9374 /* PeekabooUITests.swift in Sources */ = {isa = PBXBuildFile; fileRef = 37C89E71F8DFCAAC0F0C0FD46E0FDDD5 /* PeekabooUITests.swift */; };
		3B3C40097D831883364E735274E970BE /* PeekabooMobileUITests.swift in Sources */ = {isa = PBXBuildFile; fileRef = E4F44BF4B6FF1F9E9A77BF2817F8E492 /* PeekabooMobileUITests.swift */; };
		42D2C30D02F584814C18813E0E54A6FA /* PrivacyInfo.xcprivacy in Resources */ = {isa = PBXBuildFile; fileRef = CFA329223C03036D23A1542A9FD87024 /* PrivacyInfo.xcprivacy */; };
		435C8EE2B88567822E594A9ABFC237ED /* TaskStore.swift in Sources */ = {isa = PBXBuildFile; fileRef = 4023E9BE52D57CDE7AEDE65126F0037A /* TaskStore.swift */; };
		442A17CDBF1BC1E8062CE8C62505D465 /* PrivacyInfo.xcprivacy in Resources */ = {isa = PBXBuildFile; fileRef = CFA329223C03036D23A1542A9FD87024 /* PrivacyInfo.xcprivacy */; };
		45E1A7BCE8F9D28910A07083AA5B7FC0 /* CornerHoverStateMachineTests.swift in Sources */ = {isa = PBXBuildFile; fileRef = 9EFAD1C7E595BE4E2FBEF992165F61A3 /* CornerHoverStateMachineTests.swift */; };
		4965DA30C217A0DF5228DB1AD494C1D8 /* Cocoa.framework in Frameworks */ = {isa = PBXBuildFile; fileRef = D48385F82A409C25E4C6CF07D881EBF8 /* Cocoa.framework */; };
		4AA7EFD704403A7E0731551E975C1FC2 /* MobileAppModel.swift in Sources */ = {isa = PBXBuildFile; fileRef = 7DE65CDB894140CB323E622829180864 /* MobileAppModel.swift */; };
		4FBD982D8D109649315412A59FBAB4BB /* CornerHoverMonitor.swift in Sources */ = {isa = PBXBuildFile; fileRef = 31A4AF278CA2AF3E9F4597A5775307FE /* CornerHoverMonitor.swift */; };
		55D84AB16BEFE38C03CA2B127A58769B /* Assets.xcassets in Resources */ = {isa = PBXBuildFile; fileRef = 331AB0A026DA9BBD9672CC03ED1EB846 /* Assets.xcassets */; };
		57E5A70A2C57E1925BA911E45F9822C0 /* Cocoa.framework in Frameworks */ = {isa = PBXBuildFile; fileRef = D48385F82A409C25E4C6CF07D881EBF8 /* Cocoa.framework */; };
		5D16048455BAD8DBF7616BA2973F067D /* TestSupport.swift in Sources */ = {isa = PBXBuildFile; fileRef = 6E2656CB902779D23E02E1D80CF85930 /* TestSupport.swift */; };
		619B8B2E7AB258E781DF172B9127DC22 /* Assets.xcassets in Resources */ = {isa = PBXBuildFile; fileRef = 331AB0A026DA9BBD9672CC03ED1EB846 /* Assets.xcassets */; };
		6268C1FFEAC4906016CA03CD2B6D0A84 /* AgentHTTPRequest.swift in Sources */ = {isa = PBXBuildFile; fileRef = 55172958D7103F8763DABF5AB51F5CE8 /* AgentHTTPRequest.swift */; };
		64963A63246850685AE4812742C408B4 /* PeekabooTheme.swift in Sources */ = {isa = PBXBuildFile; fileRef = 30F65BB3E2F8A354787A040ED4EC3606 /* PeekabooTheme.swift */; };
		64F2B32171EFBF3A88D92CFFB50B733A /* TaskActionsMenu.swift in Sources */ = {isa = PBXBuildFile; fileRef = 2BC3C6C85702E52514B0AAC38C0B06B2 /* TaskActionsMenu.swift */; };
		65A786D2AD0C672C1E1CE6D65C4CB248 /* PeekabooApp.swift in Sources */ = {isa = PBXBuildFile; fileRef = 1193B2C81D32FF188C04CFECD467D3CB /* PeekabooApp.swift */; };
		6801A8E6794F3DB42B96BA8E880B0BAA /* CornerPicker.swift in Sources */ = {isa = PBXBuildFile; fileRef = 4A521D705C59AE0C081B0571BF46C762 /* CornerPicker.swift */; };
		6AC229635C2261B456C42A9F5A7CD0F8 /* MobileTaskListScreen.swift in Sources */ = {isa = PBXBuildFile; fileRef = 3B48638AD242574761FC2AEFA3221F39 /* MobileTaskListScreen.swift */; };
		6B6AE97E0B36CF93625D39B12D3C6C48 /* TaskItem.swift in Sources */ = {isa = PBXBuildFile; fileRef = 8133B2B15E8DF8DB9548D7921F0AE93E /* TaskItem.swift */; };
		70C3EB53A0D20024010D1C87177AF8CD /* TaskStoreMobileTests.swift in Sources */ = {isa = PBXBuildFile; fileRef = 62C877F0903E44AF83774E087BA6DB9E /* TaskStoreMobileTests.swift */; };
		88A34F4730192D40EFC3BF4B8BBF0C8B /* PeekabooMobileApp.swift in Sources */ = {isa = PBXBuildFile; fileRef = 9810E449B8B76430003750627F5898C3 /* PeekabooMobileApp.swift */; };
		88C7DD326E3A4FC0F7A9595E6A94E979 /* AgentServer.swift in Sources */ = {isa = PBXBuildFile; fileRef = AAD6791A88C068DC8A8D50716FB8AB08 /* AgentServer.swift */; };
		99F4EF2E3889674C30CC7FFDD42AAB44 /* AppCoordinator.swift in Sources */ = {isa = PBXBuildFile; fileRef = D71DAFA6AA81B717782717B7DF54076A /* AppCoordinator.swift */; };
		A333AC6123FE980DDE2B63B96CEAA600 /* TaskComposerView.swift in Sources */ = {isa = PBXBuildFile; fileRef = 029825919E9B95FD9D172392EADA8382 /* TaskComposerView.swift */; };
		A3FD2C10AA9E2EEBA14A86A5DF8091FB /* PersistenceController.swift in Sources */ = {isa = PBXBuildFile; fileRef = B0527B7AA7AAAF137673875ECDCEE583 /* PersistenceController.swift */; };
		A47F761FFE88AE86CB906268E7EFEB3A /* GlobalHotKey.swift in Sources */ = {isa = PBXBuildFile; fileRef = 21B424EE0F17237A16507A2E194203AA /* GlobalHotKey.swift */; };
		A52E53AB9CDD04DDEFFDBFB94C89D526 /* Foundation.framework in Frameworks */ = {isa = PBXBuildFile; fileRef = B7EA4DE1A299830AB792976818577840 /* Foundation.framework */; };
		AE9CCC0E302538112B30746ADB06E770 /* TaskTypes.swift in Sources */ = {isa = PBXBuildFile; fileRef = C1FACB8E168CAFF11962C290504BD94A /* TaskTypes.swift */; };
		B3316EF1BE4EBBE5429708BB4333C1B9 /* PeekPanelView.swift in Sources */ = {isa = PBXBuildFile; fileRef = 20F66F878402D0A4EDC20A63E9186E35 /* PeekPanelView.swift */; };
		B423E18D2AE30614FB2128E300E8B94E /* Foundation.framework in Frameworks */ = {isa = PBXBuildFile; fileRef = B7EA4DE1A299830AB792976818577840 /* Foundation.framework */; };
		B530F7935BC40FA0B757A66EC9568D36 /* LoginItemService.swift in Sources */ = {isa = PBXBuildFile; fileRef = A125F27308CA6D5E9C91E6DF068DD396 /* LoginItemService.swift */; };
		B981AEAA0986EBDA27F4ECA6ED60F34A /* PeekPanel.swift in Sources */ = {isa = PBXBuildFile; fileRef = FABA9F32A9F80B7F9B297DC1C577A539 /* PeekPanel.swift */; };
		B98A3C9031261A6D0A08BAD2FBEC41C5 /* TaskTypes.swift in Sources */ = {isa = PBXBuildFile; fileRef = C1FACB8E168CAFF11962C290504BD94A /* TaskTypes.swift */; };
		BDE749E1129170E453890A62794FD776 /* TaskSectionView.swift in Sources */ = {isa = PBXBuildFile; fileRef = 19BCFB17428EBF5381057F6AAF63E937 /* TaskSectionView.swift */; };
		C5C0B0D56F019AE9B960AF37D5C2A6A9 /* TaskStatusButton.swift in Sources */ = {isa = PBXBuildFile; fileRef = 80D87606B2020402F17C81782A7F5E7A /* TaskStatusButton.swift */; };
		D42FB0660BCB543A7A1CB7799B30ABCA /* MobileAppRoot.swift in Sources */ = {isa = PBXBuildFile; fileRef = 097C4ECC68CD8A24513C7EC5EB51154B /* MobileAppRoot.swift */; };
		D5AEF9B3DA6FC26114D009D998A389F7 /* Foundation.framework in Frameworks */ = {isa = PBXBuildFile; fileRef = B7EA4DE1A299830AB792976818577840 /* Foundation.framework */; };
		D72E1AD0DE44D99970F397E62371563A /* PanelUIState.swift in Sources */ = {isa = PBXBuildFile; fileRef = B833D16978076210888F4D0F4C923436 /* PanelUIState.swift */; };
		DDA88EBB49245F2531A205D5825BD40C /* TaskItem.swift in Sources */ = {isa = PBXBuildFile; fileRef = 8133B2B15E8DF8DB9548D7921F0AE93E /* TaskItem.swift */; };
		DE753FEC05028A77EB334F682381CBB5 /* SettingsView.swift in Sources */ = {isa = PBXBuildFile; fileRef = B36F232E6822576C0DCB6B852E27EF34 /* SettingsView.swift */; };
		E5FBD9FA461E971425A1794D8009723C /* PanelGeometry.swift in Sources */ = {isa = PBXBuildFile; fileRef = 923A62BC8FF06A437BB1753B429CE757 /* PanelGeometry.swift */; };
		E6C4B582A0BA2FFAC983927DD5312F12 /* PeekabooStyle.swift in Sources */ = {isa = PBXBuildFile; fileRef = 669C2F43F5916BFD3C16E5050BEB8F46 /* PeekabooStyle.swift */; };
		E911B6E98AC481A581C83F957773BCC2 /* TaskStoreTests.swift in Sources */ = {isa = PBXBuildFile; fileRef = E91C22A306F47BF49D37344A7CA847C4 /* TaskStoreTests.swift */; };
		EA98CD1E1E902175097BF0E35D7D5AC2 /* CloudKit.framework in Frameworks */ = {isa = PBXBuildFile; fileRef = 299001D70343422E4D53CFE6611D1083 /* CloudKit.framework */; };
		EDEC2789340356307F09AD4A415A3EF5 /* MobileTaskRow.swift in Sources */ = {isa = PBXBuildFile; fileRef = 12E468E3F3836AAD0D4816CE7E32120C /* MobileTaskRow.swift */; };
		F40B6A95DCC5F77B978BE193451B8A2C /* PanelGeometryTests.swift in Sources */ = {isa = PBXBuildFile; fileRef = 5A4C508ED08E6AAC41C79E045501EF22 /* PanelGeometryTests.swift */; };
		F656B4535A00E197241E1616E082AEEA /* DailyCleanupServiceTests.swift in Sources */ = {isa = PBXBuildFile; fileRef = DC5C829490E30E2910C458A929A0513C /* DailyCleanupServiceTests.swift */; };
		FB358F809179A91BD1E80A3F1F497C29 /* MobileTaskEditor.swift in Sources */ = {isa = PBXBuildFile; fileRef = 17CEDF697981694A53716779DD388624 /* MobileTaskEditor.swift */; };
/* End PBXBuildFile section */

/* Begin PBXContainerItemProxy section */
		44F8116140A3499063DDCDD1901AEFB6 /* PBXContainerItemProxy */ = {
			isa = PBXContainerItemProxy;
			containerPortal = 99F19F834991D83263BFAD44E7AB152C /* Project object */;
			proxyType = 1;
			remoteGlobalIDString = 0C3DCAC93C3031981A3AE4A0BA81405F;
			remoteInfo = Peekaboo;
		};
		6B46284B48C26085F37B38A24DE6DD6A /* PBXContainerItemProxy */ = {
			isa = PBXContainerItemProxy;
			containerPortal = 99F19F834991D83263BFAD44E7AB152C /* Project object */;
			proxyType = 1;
			remoteGlobalIDString = 7ABEFA8004CD36BC249BAB3AA717B0A4;
			remoteInfo = PeekabooMobile;
		};
		C96BFF95C22CDE23A7D44895CC851B1A /* PBXContainerItemProxy */ = {
			isa = PBXContainerItemProxy;
			containerPortal = 99F19F834991D83263BFAD44E7AB152C /* Project object */;
			proxyType = 1;
			remoteGlobalIDString = 0C3DCAC93C3031981A3AE4A0BA81405F;
			remoteInfo = Peekaboo;
		};
		D698731E2DCAD70A6E0BADFEDACBD482 /* PBXContainerItemProxy */ = {
			isa = PBXContainerItemProxy;
			containerPortal = 99F19F834991D83263BFAD44E7AB152C /* Project object */;
			proxyType = 1;
			remoteGlobalIDString = 7ABEFA8004CD36BC249BAB3AA717B0A4;
			remoteInfo = PeekabooMobile;
		};
/* End PBXContainerItemProxy section */

/* Begin PBXFileReference section */
		029825919E9B95FD9D172392EADA8382 /* TaskComposerView.swift */ = {isa = PBXFileReference; includeInIndex = 1; lastKnownFileType = sourcecode.swift; name = TaskComposerView.swift; path = Views/Panel/TaskComposerView.swift; sourceTree = "<group>"; };
		04B271BCEAE49920CD8EE265D88DF74E /* AgentTaskTools.swift */ = {isa = PBXFileReference; includeInIndex = 1; lastKnownFileType = sourcecode.swift; name = AgentTaskTools.swift; path = Services/AgentServer/AgentTaskTools.swift; sourceTree = "<group>"; };
		0887F5967F38ACADACF7F8D44A9FE9D6 /* AgentHTTPRequestTests.swift */ = {isa = PBXFileReference; includeInIndex = 1; lastKnownFileType = sourcecode.swift; path = AgentHTTPRequestTests.swift; sourceTree = "<group>"; };
		097C4ECC68CD8A24513C7EC5EB51154B /* MobileAppRoot.swift */ = {isa = PBXFileReference; includeInIndex = 1; lastKnownFileType = sourcecode.swift; name = MobileAppRoot.swift; path = Views/MobileAppRoot.swift; sourceTree = "<group>"; };
		1193B2C81D32FF188C04CFECD467D3CB /* PeekabooApp.swift */ = {isa = PBXFileReference; includeInIndex = 1; lastKnownFileType = sourcecode.swift; name = PeekabooApp.swift; path = App/PeekabooApp.swift; sourceTree = "<group>"; };
		12E468E3F3836AAD0D4816CE7E32120C /* MobileTaskRow.swift */ = {isa = PBXFileReference; includeInIndex = 1; lastKnownFileType = sourcecode.swift; name = MobileTaskRow.swift; path = Views/MobileTaskRow.swift; sourceTree = "<group>"; };
		17CEDF697981694A53716779DD388624 /* MobileTaskEditor.swift */ = {isa = PBXFileReference; includeInIndex = 1; lastKnownFileType = sourcecode.swift; name = MobileTaskEditor.swift; path = Views/MobileTaskEditor.swift; sourceTree = "<group>"; };
		19BCFB17428EBF5381057F6AAF63E937 /* TaskSectionView.swift */ = {isa = PBXFileReference; includeInIndex = 1; lastKnownFileType = sourcecode.swift; name = TaskSectionView.swift; path = Views/Panel/TaskSectionView.swift; sourceTree = "<group>"; };
		20F66F878402D0A4EDC20A63E9186E35 /* PeekPanelView.swift */ = {isa = PBXFileReference; includeInIndex = 1; lastKnownFileType = sourcecode.swift; name = PeekPanelView.swift; path = Views/Panel/PeekPanelView.swift; sourceTree = "<group>"; };
		21B424EE0F17237A16507A2E194203AA /* GlobalHotKey.swift */ = {isa = PBXFileReference; includeInIndex = 1; lastKnownFileType = sourcecode.swift; name = GlobalHotKey.swift; path = Services/GlobalHotKey.swift; sourceTree = "<group>"; };
		299001D70343422E4D53CFE6611D1083 /* CloudKit.framework */ = {isa = PBXFileReference; lastKnownFileType = wrapper.framework; name = CloudKit.framework; path = Platforms/MacOSX.platform/Developer/SDKs/MacOSX15.0.sdk/System/Library/Frameworks/CloudKit.framework; sourceTree = DEVELOPER_DIR; };
		2BC3C6C85702E52514B0AAC38C0B06B2 /* TaskActionsMenu.swift */ = {isa = PBXFileReference; includeInIndex = 1; lastKnownFileType = sourcecode.swift; name = TaskActionsMenu.swift; path = Design/TaskActionsMenu.swift; sourceTree = "<group>"; };
		2BF8BF26A6AFE62C407A4399D1DB3872 /* Peekaboo.app */ = {isa = PBXFileReference; explicitFileType = wrapper.application; includeInIndex = 0; path = Peekaboo.app; sourceTree = BUILT_PRODUCTS_DIR; };
		2D4ED475097275B25C9CE80EE29BEEF2 /* Info.plist */ = {isa = PBXFileReference; includeInIndex = 1; lastKnownFileType = text.plist.xml; path = Info.plist; sourceTree = "<group>"; };
		30EE6C838DBF9D647D814FAD47C2A024 /* PeekPanelController.swift */ = {isa = PBXFileReference; includeInIndex = 1; lastKnownFileType = sourcecode.swift; name = PeekPanelController.swift; path = Window/PeekPanelController.swift; sourceTree = "<group>"; };
		30F65BB3E2F8A354787A040ED4EC3606 /* PeekabooTheme.swift */ = {isa = PBXFileReference; includeInIndex = 1; lastKnownFileType = sourcecode.swift; name = PeekabooTheme.swift; path = Design/PeekabooTheme.swift; sourceTree = "<group>"; };
		31A4AF278CA2AF3E9F4597A5775307FE /* CornerHoverMonitor.swift */ = {isa = PBXFileReference; includeInIndex = 1; lastKnownFileType = sourcecode.swift; name = CornerHoverMonitor.swift; path = Services/CornerHoverMonitor.swift; sourceTree = "<group>"; };
		331AB0A026DA9BBD9672CC03ED1EB846 /* Assets.xcassets */ = {isa = PBXFileReference; includeInIndex = 1; lastKnownFileType = folder.assetcatalog; name = Assets.xcassets; path = Resources/Assets.xcassets; sourceTree = "<group>"; };
		376C3CB060128040B171418079F1273A /* MCPRequestHandler.swift */ = {isa = PBXFileReference; includeInIndex = 1; lastKnownFileType = sourcecode.swift; name = MCPRequestHandler.swift; path = Services/AgentServer/MCPRequestHandler.swift; sourceTree = "<group>"; };
		37C89E71F8DFCAAC0F0C0FD46E0FDDD5 /* PeekabooUITests.swift */ = {isa = PBXFileReference; includeInIndex = 1; lastKnownFileType = sourcecode.swift; path = PeekabooUITests.swift; sourceTree = "<group>"; };
		3B48638AD242574761FC2AEFA3221F39 /* MobileTaskListScreen.swift */ = {isa = PBXFileReference; includeInIndex = 1; lastKnownFileType = sourcecode.swift; name = MobileTaskListScreen.swift; path = Views/MobileTaskListScreen.swift; sourceTree = "<group>"; };
		4023E9BE52D57CDE7AEDE65126F0037A /* TaskStore.swift */ = {isa = PBXFileReference; includeInIndex = 1; lastKnownFileType = sourcecode.swift; name = TaskStore.swift; path = Services/TaskStore.swift; sourceTree = "<group>"; };
		4A521D705C59AE0C081B0571BF46C762 /* CornerPicker.swift */ = {isa = PBXFileReference; includeInIndex = 1; lastKnownFileType = sourcecode.swift; name = CornerPicker.swift; path = Views/Settings/CornerPicker.swift; sourceTree = "<group>"; };
		55172958D7103F8763DABF5AB51F5CE8 /* AgentHTTPRequest.swift */ = {isa = PBXFileReference; includeInIndex = 1; lastKnownFileType = sourcecode.swift; name = AgentHTTPRequest.swift; path = Services/AgentServer/AgentHTTPRequest.swift; sourceTree = "<group>"; };
		563D49D133FBD3D34E4B652C661836F6 /* PeekabooDebug.entitlements */ = {isa = PBXFileReference; includeInIndex = 1; lastKnownFileType = text.plist.entitlements; path = PeekabooDebug.entitlements; sourceTree = "<group>"; };
		5982C9497D9293C48CA48B57CA0B9E2B /* TaskRowView.swift */ = {isa = PBXFileReference; includeInIndex = 1; lastKnownFileType = sourcecode.swift; name = TaskRowView.swift; path = Views/Panel/TaskRowView.swift; sourceTree = "<group>"; };
		5A4C508ED08E6AAC41C79E045501EF22 /* PanelGeometryTests.swift */ = {isa = PBXFileReference; includeInIndex = 1; lastKnownFileType = sourcecode.swift; path = PanelGeometryTests.swift; sourceTree = "<group>"; };
		62C877F0903E44AF83774E087BA6DB9E /* TaskStoreMobileTests.swift */ = {isa = PBXFileReference; includeInIndex = 1; lastKnownFileType = sourcecode.swift; path = TaskStoreMobileTests.swift; sourceTree = "<group>"; };
		669C2F43F5916BFD3C16E5050BEB8F46 /* PeekabooStyle.swift */ = {isa = PBXFileReference; includeInIndex = 1; lastKnownFileType = sourcecode.swift; name = PeekabooStyle.swift; path = Design/PeekabooStyle.swift; sourceTree = "<group>"; };
		6A6A282700784A03D063EB8C91D9834B /* PeekabooTests.xctest */ = {isa = PBXFileReference; explicitFileType = wrapper.cfbundle; includeInIndex = 0; path = PeekabooTests.xctest; sourceTree = BUILT_PRODUCTS_DIR; };
		6C9AA7BAC6D08AA028DA57B0BCE75756 /* DailyCleanupService.swift */ = {isa = PBXFileReference; includeInIndex = 1; lastKnownFileType = sourcecode.swift; name = DailyCleanupService.swift; path = Services/DailyCleanupService.swift; sourceTree = "<group>"; };
		6E2656CB902779D23E02E1D80CF85930 /* TestSupport.swift */ = {isa = PBXFileReference; includeInIndex = 1; lastKnownFileType = sourcecode.swift; path = TestSupport.swift; sourceTree = "<group>"; };
		7B178DA14269A3565313FE40BAF91F6C /* AgentAccessTokenStore.swift */ = {isa = PBXFileReference; includeInIndex = 1; lastKnownFileType = sourcecode.swift; name = AgentAccessTokenStore.swift; path = Services/AgentServer/AgentAccessTokenStore.swift; sourceTree = "<group>"; };
		7DE65CDB894140CB323E622829180864 /* MobileAppModel.swift */ = {isa = PBXFileReference; includeInIndex = 1; lastKnownFileType = sourcecode.swift; name = MobileAppModel.swift; path = App/MobileAppModel.swift; sourceTree = "<group>"; };
		80D87606B2020402F17C81782A7F5E7A /* TaskStatusButton.swift */ = {isa = PBXFileReference; includeInIndex = 1; lastKnownFileType = sourcecode.swift; name = TaskStatusButton.swift; path = Views/Panel/TaskStatusButton.swift; sourceTree = "<group>"; };
		8133B2B15E8DF8DB9548D7921F0AE93E /* TaskItem.swift */ = {isa = PBXFileReference; includeInIndex = 1; lastKnownFileType = sourcecode.swift; name = TaskItem.swift; path = Models/TaskItem.swift; sourceTree = "<group>"; };
		8F1A5AEE551941F1D22A217D28E9312A /* PeekabooMobile.entitlements */ = {isa = PBXFileReference; includeInIndex = 1; lastKnownFileType = text.plist.entitlements; path = PeekabooMobile.entitlements; sourceTree = "<group>"; };
		91366FB68D31681263765F662C2132FA /* Peekaboo.entitlements */ = {isa = PBXFileReference; includeInIndex = 1; lastKnownFileType = text.plist.entitlements; path = Peekaboo.entitlements; sourceTree = "<group>"; };
		923A62BC8FF06A437BB1753B429CE757 /* PanelGeometry.swift */ = {isa = PBXFileReference; includeInIndex = 1; lastKnownFileType = sourcecode.swift; name = PanelGeometry.swift; path = Services/PanelGeometry.swift; sourceTree = "<group>"; };
		975CC944B4D70462EB7312E5B80B9FF5 /* PeekabooUITests.xctest */ = {isa = PBXFileReference; explicitFileType = wrapper.cfbundle; includeInIndex = 0; path = PeekabooUITests.xctest; sourceTree = BUILT_PRODUCTS_DIR; };
		9810E449B8B76430003750627F5898C3 /* PeekabooMobileApp.swift */ = {isa = PBXFileReference; includeInIndex = 1; lastKnownFileType = sourcecode.swift; name = PeekabooMobileApp.swift; path = App/PeekabooMobileApp.swift; sourceTree = "<group>"; };
		9EFAD1C7E595BE4E2FBEF992165F61A3 /* CornerHoverStateMachineTests.swift */ = {isa = PBXFileReference; includeInIndex = 1; lastKnownFileType = sourcecode.swift; path = CornerHoverStateMachineTests.swift; sourceTree = "<group>"; };
		A125F27308CA6D5E9C91E6DF068DD396 /* LoginItemService.swift */ = {isa = PBXFileReference; includeInIndex = 1; lastKnownFileType = sourcecode.swift; name = LoginItemService.swift; path = Services/LoginItemService.swift; sourceTree = "<group>"; };
		A5FEAF65F806F6A15A6A2295FBFFF392 /* SettingsWindowController.swift */ = {isa = PBXFileReference; includeInIndex = 1; lastKnownFileType = sourcecode.swift; name = SettingsWindowController.swift; path = Window/SettingsWindowController.swift; sourceTree = "<group>"; };
		AAD6791A88C068DC8A8D50716FB8AB08 /* AgentServer.swift */ = {isa = PBXFileReference; includeInIndex = 1; lastKnownFileType = sourcecode.swift; name = AgentServer.swift; path = Services/AgentServer/AgentServer.swift; sourceTree = "<group>"; };
		B0527B7AA7AAAF137673875ECDCEE583 /* PersistenceController.swift */ = {isa = PBXFileReference; includeInIndex = 1; lastKnownFileType = sourcecode.swift; name = PersistenceController.swift; path = Services/PersistenceController.swift; sourceTree = "<group>"; };
		B36F232E6822576C0DCB6B852E27EF34 /* SettingsView.swift */ = {isa = PBXFileReference; includeInIndex = 1; lastKnownFileType = sourcecode.swift; name = SettingsView.swift; path = Views/Settings/SettingsView.swift; sourceTree = "<group>"; };
		B7EA4DE1A299830AB792976818577840 /* Foundation.framework */ = {isa = PBXFileReference; lastKnownFileType = wrapper.framework; name = Foundation.framework; path = Platforms/iPhoneOS.platform/Developer/SDKs/iPhoneOS18.0.sdk/System/Library/Frameworks/Foundation.framework; sourceTree = DEVELOPER_DIR; };
		B833D16978076210888F4D0F4C923436 /* PanelUIState.swift */ = {isa = PBXFileReference; includeInIndex = 1; lastKnownFileType = sourcecode.swift; name = PanelUIState.swift; path = Window/PanelUIState.swift; sourceTree = "<group>"; };
		BF45BEA3F19D75FA57E0749CA3220AE4 /* TaskDragPayload.swift */ = {isa = PBXFileReference; includeInIndex = 1; lastKnownFileType = sourcecode.swift; name = TaskDragPayload.swift; path = Models/TaskDragPayload.swift; sourceTree = "<group>"; };
		C007B0B5556B8E472EF72A847DB0A020 /* AppDelegate.swift */ = {isa = PBXFileReference; includeInIndex = 1; lastKnownFileType = sourcecode.swift; name = AppDelegate.swift; path = App/AppDelegate.swift; sourceTree = "<group>"; };
		C1709CC765ABAA7609171BF04EF76726 /* PeekabooMobileTests.xctest */ = {isa = PBXFileReference; explicitFileType = wrapper.cfbundle; includeInIndex = 0; path = PeekabooMobileTests.xctest; sourceTree = BUILT_PRODUCTS_DIR; };
		C1FACB8E168CAFF11962C290504BD94A /* TaskTypes.swift */ = {isa = PBXFileReference; includeInIndex = 1; lastKnownFileType = sourcecode.swift; name = TaskTypes.swift; path = Models/TaskTypes.swift; sourceTree = "<group>"; };
		C441649EFD9E12E857BECF265991FC5A /* CornerHoverStateMachine.swift */ = {isa = PBXFileReference; includeInIndex = 1; lastKnownFileType = sourcecode.swift; name = CornerHoverStateMachine.swift; path = Services/CornerHoverStateMachine.swift; sourceTree = "<group>"; };
		CDAFA8450C2AE46D2919C08360D98CB7 /* PeekabooMobile.app */ = {isa = PBXFileReference; explicitFileType = wrapper.application; includeInIndex = 0; path = PeekabooMobile.app; sourceTree = BUILT_PRODUCTS_DIR; };
		CFA329223C03036D23A1542A9FD87024 /* PrivacyInfo.xcprivacy */ = {isa = PBXFileReference; includeInIndex = 1; name = PrivacyInfo.xcprivacy; path = Resources/PrivacyInfo.xcprivacy; sourceTree = "<group>"; };
		D17AE0085201BDCD6BBCFB9A0D4E47E0 /* AppSettings.swift */ = {isa = PBXFileReference; includeInIndex = 1; lastKnownFileType = sourcecode.swift; name = AppSettings.swift; path = Services/AppSettings.swift; sourceTree = "<group>"; };
		D48385F82A409C25E4C6CF07D881EBF8 /* Cocoa.framework */ = {isa = PBXFileReference; lastKnownFileType = wrapper.framework; name = Cocoa.framework; path = Platforms/MacOSX.platform/Developer/SDKs/MacOSX15.0.sdk/System/Library/Frameworks/Cocoa.framework; sourceTree = DEVELOPER_DIR; };
		D71DAFA6AA81B717782717B7DF54076A /* AppCoordinator.swift */ = {isa = PBXFileReference; includeInIndex = 1; lastKnownFileType = sourcecode.swift; name = AppCoordinator.swift; path = App/AppCoordinator.swift; sourceTree = "<group>"; };
		DC5C829490E30E2910C458A929A0513C /* DailyCleanupServiceTests.swift */ = {isa = PBXFileReference; includeInIndex = 1; lastKnownFileType = sourcecode.swift; path = DailyCleanupServiceTests.swift; sourceTree = "<group>"; };
		E0B1617BFD40AEF1A99602427AE74E52 /* MenuBarView.swift */ = {isa = PBXFileReference; includeInIndex = 1; lastKnownFileType = sourcecode.swift; name = MenuBarView.swift; path = Views/MenuBarView.swift; sourceTree = "<group>"; };
		E326C30B2E57FBA2DC6853A9233C1677 /* PeekabooLocal.entitlements */ = {isa = PBXFileReference; includeInIndex = 1; lastKnownFileType = text.plist.entitlements; path = PeekabooLocal.entitlements; sourceTree = "<group>"; };
		E4F44BF4B6FF1F9E9A77BF2817F8E492 /* PeekabooMobileUITests.swift */ = {isa = PBXFileReference; includeInIndex = 1; lastKnownFileType = sourcecode.swift; path = PeekabooMobileUITests.swift; sourceTree = "<group>"; };
		E5E1B4A45A94BE02E685342A12C67EB1 /* Info.plist */ = {isa = PBXFileReference; includeInIndex = 1; lastKnownFileType = text.plist.xml; path = Info.plist; sourceTree = "<group>"; };
		E91C22A306F47BF49D37344A7CA847C4 /* TaskStoreTests.swift */ = {isa = PBXFileReference; includeInIndex = 1; lastKnownFileType = sourcecode.swift; path = TaskStoreTests.swift; sourceTree = "<group>"; };
		E9E685B08D8107097C9FA5DDBB548015 /* PeekabooMobileUITests.xctest */ = {isa = PBXFileReference; explicitFileType = wrapper.cfbundle; includeInIndex = 0; path = PeekabooMobileUITests.xctest; sourceTree = BUILT_PRODUCTS_DIR; };
		ED087F22E5A9D2FAE56A00426936C214 /* MCPRequestHandlerTests.swift */ = {isa = PBXFileReference; includeInIndex = 1; lastKnownFileType = sourcecode.swift; path = MCPRequestHandlerTests.swift; sourceTree = "<group>"; };
		FABA9F32A9F80B7F9B297DC1C577A539 /* PeekPanel.swift */ = {isa = PBXFileReference; includeInIndex = 1; lastKnownFileType = sourcecode.swift; name = PeekPanel.swift; path = Window/PeekPanel.swift; sourceTree = "<group>"; };
/* End PBXFileReference section */

/* Begin PBXFrameworksBuildPhase section */
		09589727EFB66FC7E97C7E3E754B021E /* Frameworks */ = {
			isa = PBXFrameworksBuildPhase;
			buildActionMask = 2147483647;
			files = (
				D5AEF9B3DA6FC26114D009D998A389F7 /* Foundation.framework in Frameworks */,
			);
			runOnlyForDeploymentPostprocessing = 0;
		};
		28B5C88A5216919F11B365EAC51A86BB /* Frameworks */ = {
			isa = PBXFrameworksBuildPhase;
			buildActionMask = 2147483647;
			files = (
				0EA26A825D9CC550683662AC64387FFB /* Cocoa.framework in Frameworks */,
				EA98CD1E1E902175097BF0E35D7D5AC2 /* CloudKit.framework in Frameworks */,
			);
			runOnlyForDeploymentPostprocessing = 0;
		};
		2A0A383680B2CF1BDEC0A4649B206682 /* Frameworks */ = {
			isa = PBXFrameworksBuildPhase;
			buildActionMask = 2147483647;
			files = (
				B423E18D2AE30614FB2128E300E8B94E /* Foundation.framework in Frameworks */,
			);
			runOnlyForDeploymentPostprocessing = 0;
		};
		56383A733C46D47133D33243845AC3C7 /* Frameworks */ = {
			isa = PBXFrameworksBuildPhase;
			buildActionMask = 2147483647;
			files = (
				57E5A70A2C57E1925BA911E45F9822C0 /* Cocoa.framework in Frameworks */,
			);
			runOnlyForDeploymentPostprocessing = 0;
		};
		6D87B1937C5D092CF8BAD87A5BE1E81D /* Frameworks */ = {
			isa = PBXFrameworksBuildPhase;
			buildActionMask = 2147483647;
			files = (
				A52E53AB9CDD04DDEFFDBFB94C89D526 /* Foundation.framework in Frameworks */,
			);
			runOnlyForDeploymentPostprocessing = 0;
		};
		9DBF3A9449F77D2C7543EAB7EFB1ABA0 /* Frameworks */ = {
			isa = PBXFrameworksBuildPhase;
			buildActionMask = 2147483647;
			files = (
				4965DA30C217A0DF5228DB1AD494C1D8 /* Cocoa.framework in Frameworks */,
			);
			runOnlyForDeploymentPostprocessing = 0;
		};
/* End PBXFrameworksBuildPhase section */

/* Begin PBXGroup section */
		1AE7252A762E0934D8AC2097C105C556 /* iOS */ = {
			isa = PBXGroup;
			children = (
				B7EA4DE1A299830AB792976818577840 /* Foundation.framework */,
			);
			name = iOS;
			sourceTree = "<group>";
		};
		2A1497E0F502E4C3AB5B938FCD3E44EE = {
			isa = PBXGroup;
			children = (
				4038C8D5CB393F7EB55EB184DED1A955 /* Products */,
				4AB63E774472A9FE1BA76B139C7B9893 /* Frameworks */,
				D4364D7C7A45D261D8B57AAB23B9BBB2 /* Peekaboo */,
				E77068C3684120C99FC1D34055ADE4DB /* PeekabooTests */,
				6EEF6C52F364803D09C9471E8FA3E103 /* PeekabooUITests */,
				797573C6B09720B9F8A034543F187A70 /* PeekabooMobile */,
				6EB23469E292A7CC8DE64F3ABDA449E9 /* PeekabooMobileTests */,
				5DCF57913AE80D4CB67550DECD3CE8EB /* PeekabooMobileUITests */,
			);
			sourceTree = "<group>";
		};
		4038C8D5CB393F7EB55EB184DED1A955 /* Products */ = {
			isa = PBXGroup;
			children = (
				2BF8BF26A6AFE62C407A4399D1DB3872 /* Peekaboo.app */,
				6A6A282700784A03D063EB8C91D9834B /* PeekabooTests.xctest */,
				975CC944B4D70462EB7312E5B80B9FF5 /* PeekabooUITests.xctest */,
				CDAFA8450C2AE46D2919C08360D98CB7 /* PeekabooMobile.app */,
				C1709CC765ABAA7609171BF04EF76726 /* PeekabooMobileTests.xctest */,
				E9E685B08D8107097C9FA5DDBB548015 /* PeekabooMobileUITests.xctest */,
			);
			name = Products;
			sourceTree = "<group>";
		};
		4AB63E774472A9FE1BA76B139C7B9893 /* Frameworks */ = {
			isa = PBXGroup;
			children = (
				C8F58356EFC1B5E82C519C120E8527C6 /* OS X */,
				1AE7252A762E0934D8AC2097C105C556 /* iOS */,
			);
			name = Frameworks;
			sourceTree = "<group>";
		};
		5DCF57913AE80D4CB67550DECD3CE8EB /* PeekabooMobileUITests */ = {
			isa = PBXGroup;
			children = (
				E4F44BF4B6FF1F9E9A77BF2817F8E492 /* PeekabooMobileUITests.swift */,
			);
			name = PeekabooMobileUITests;
			path = PeekabooMobileUITests;
			sourceTree = "<group>";
		};
		6EB23469E292A7CC8DE64F3ABDA449E9 /* PeekabooMobileTests */ = {
			isa = PBXGroup;
			children = (
				62C877F0903E44AF83774E087BA6DB9E /* TaskStoreMobileTests.swift */,
			);
			name = PeekabooMobileTests;
			path = PeekabooMobileTests;
			sourceTree = "<group>";
		};
		6EEF6C52F364803D09C9471E8FA3E103 /* PeekabooUITests */ = {
			isa = PBXGroup;
			children = (
				37C89E71F8DFCAAC0F0C0FD46E0FDDD5 /* PeekabooUITests.swift */,
			);
			name = PeekabooUITests;
			path = PeekabooUITests;
			sourceTree = "<group>";
		};
		797573C6B09720B9F8A034543F187A70 /* PeekabooMobile */ = {
			isa = PBXGroup;
			children = (
				7DE65CDB894140CB323E622829180864 /* MobileAppModel.swift */,
				9810E449B8B76430003750627F5898C3 /* PeekabooMobileApp.swift */,
				097C4ECC68CD8A24513C7EC5EB51154B /* MobileAppRoot.swift */,
				17CEDF697981694A53716779DD388624 /* MobileTaskEditor.swift */,
				3B48638AD242574761FC2AEFA3221F39 /* MobileTaskListScreen.swift */,
				12E468E3F3836AAD0D4816CE7E32120C /* MobileTaskRow.swift */,
				8F1A5AEE551941F1D22A217D28E9312A /* PeekabooMobile.entitlements */,
				2D4ED475097275B25C9CE80EE29BEEF2 /* Info.plist */,
			);
			name = PeekabooMobile;
			path = PeekabooMobile;
			sourceTree = "<group>";
		};
		C8F58356EFC1B5E82C519C120E8527C6 /* OS X */ = {
			isa = PBXGroup;
			children = (
				D48385F82A409C25E4C6CF07D881EBF8 /* Cocoa.framework */,
				299001D70343422E4D53CFE6611D1083 /* CloudKit.framework */,
			);
			name = "OS X";
			sourceTree = "<group>";
		};
		D4364D7C7A45D261D8B57AAB23B9BBB2 /* Peekaboo */ = {
			isa = PBXGroup;
			children = (
				D71DAFA6AA81B717782717B7DF54076A /* AppCoordinator.swift */,
				C007B0B5556B8E472EF72A847DB0A020 /* AppDelegate.swift */,
				1193B2C81D32FF188C04CFECD467D3CB /* PeekabooApp.swift */,
				669C2F43F5916BFD3C16E5050BEB8F46 /* PeekabooStyle.swift */,
				30F65BB3E2F8A354787A040ED4EC3606 /* PeekabooTheme.swift */,
				2BC3C6C85702E52514B0AAC38C0B06B2 /* TaskActionsMenu.swift */,
				BF45BEA3F19D75FA57E0749CA3220AE4 /* TaskDragPayload.swift */,
				8133B2B15E8DF8DB9548D7921F0AE93E /* TaskItem.swift */,
				C1FACB8E168CAFF11962C290504BD94A /* TaskTypes.swift */,
				7B178DA14269A3565313FE40BAF91F6C /* AgentAccessTokenStore.swift */,
				55172958D7103F8763DABF5AB51F5CE8 /* AgentHTTPRequest.swift */,
				AAD6791A88C068DC8A8D50716FB8AB08 /* AgentServer.swift */,
				04B271BCEAE49920CD8EE265D88DF74E /* AgentTaskTools.swift */,
				376C3CB060128040B171418079F1273A /* MCPRequestHandler.swift */,
				D17AE0085201BDCD6BBCFB9A0D4E47E0 /* AppSettings.swift */,
				31A4AF278CA2AF3E9F4597A5775307FE /* CornerHoverMonitor.swift */,
				C441649EFD9E12E857BECF265991FC5A /* CornerHoverStateMachine.swift */,
				6C9AA7BAC6D08AA028DA57B0BCE75756 /* DailyCleanupService.swift */,
				21B424EE0F17237A16507A2E194203AA /* GlobalHotKey.swift */,
				A125F27308CA6D5E9C91E6DF068DD396 /* LoginItemService.swift */,
				923A62BC8FF06A437BB1753B429CE757 /* PanelGeometry.swift */,
				B0527B7AA7AAAF137673875ECDCEE583 /* PersistenceController.swift */,
				4023E9BE52D57CDE7AEDE65126F0037A /* TaskStore.swift */,
				E0B1617BFD40AEF1A99602427AE74E52 /* MenuBarView.swift */,
				20F66F878402D0A4EDC20A63E9186E35 /* PeekPanelView.swift */,
				029825919E9B95FD9D172392EADA8382 /* TaskComposerView.swift */,
				5982C9497D9293C48CA48B57CA0B9E2B /* TaskRowView.swift */,
				19BCFB17428EBF5381057F6AAF63E937 /* TaskSectionView.swift */,
				80D87606B2020402F17C81782A7F5E7A /* TaskStatusButton.swift */,
				4A521D705C59AE0C081B0571BF46C762 /* CornerPicker.swift */,
				B36F232E6822576C0DCB6B852E27EF34 /* SettingsView.swift */,
				B833D16978076210888F4D0F4C923436 /* PanelUIState.swift */,
				FABA9F32A9F80B7F9B297DC1C577A539 /* PeekPanel.swift */,
				30EE6C838DBF9D647D814FAD47C2A024 /* PeekPanelController.swift */,
				A5FEAF65F806F6A15A6A2295FBFFF392 /* SettingsWindowController.swift */,
				331AB0A026DA9BBD9672CC03ED1EB846 /* Assets.xcassets */,
				CFA329223C03036D23A1542A9FD87024 /* PrivacyInfo.xcprivacy */,
				91366FB68D31681263765F662C2132FA /* Peekaboo.entitlements */,
				563D49D133FBD3D34E4B652C661836F6 /* PeekabooDebug.entitlements */,
				E326C30B2E57FBA2DC6853A9233C1677 /* PeekabooLocal.entitlements */,
				E5E1B4A45A94BE02E685342A12C67EB1 /* Info.plist */,
			);
			name = Peekaboo;
			path = Peekaboo;
			sourceTree = "<group>";
		};
		E77068C3684120C99FC1D34055ADE4DB /* PeekabooTests */ = {
			isa = PBXGroup;
			children = (
				0887F5967F38ACADACF7F8D44A9FE9D6 /* AgentHTTPRequestTests.swift */,
				9EFAD1C7E595BE4E2FBEF992165F61A3 /* CornerHoverStateMachineTests.swift */,
				DC5C829490E30E2910C458A929A0513C /* DailyCleanupServiceTests.swift */,
				ED087F22E5A9D2FAE56A00426936C214 /* MCPRequestHandlerTests.swift */,
				5A4C508ED08E6AAC41C79E045501EF22 /* PanelGeometryTests.swift */,
				E91C22A306F47BF49D37344A7CA847C4 /* TaskStoreTests.swift */,
				6E2656CB902779D23E02E1D80CF85930 /* TestSupport.swift */,
			);
			name = PeekabooTests;
			path = PeekabooTests;
			sourceTree = "<group>";
		};
/* End PBXGroup section */

/* Begin PBXNativeTarget section */
		0C3DCAC93C3031981A3AE4A0BA81405F /* Peekaboo */ = {
			isa = PBXNativeTarget;
			buildConfigurationList = 339C77D1E44868907C3484855C779805 /* Build configuration list for PBXNativeTarget "Peekaboo" */;
			buildPhases = (
				AFD016F5D6A80575C3432B760B0F30C3 /* Sources */,
				28B5C88A5216919F11B365EAC51A86BB /* Frameworks */,
				6BCE70333C3C5F1427B6995F351E1AFA /* Resources */,
			);
			buildRules = (
			);
			dependencies = (
			);
			name = Peekaboo;
			productName = Peekaboo;
			productReference = 2BF8BF26A6AFE62C407A4399D1DB3872 /* Peekaboo.app */;
			productType = "com.apple.product-type.application";
		};
		3FA7943D1F00849FAFD045A124792666 /* PeekabooMobileUITests */ = {
			isa = PBXNativeTarget;
			buildConfigurationList = FF14BA1687B3ED6EF4176E4055AE9D0F /* Build configuration list for PBXNativeTarget "PeekabooMobileUITests" */;
			buildPhases = (
				F96830FCFF79B7FA3A23789BEC28B43A /* Sources */,
				09589727EFB66FC7E97C7E3E754B021E /* Frameworks */,
				D730E2ECD7A5761EE699B5802B44DD5E /* Resources */,
			);
			buildRules = (
			);
			dependencies = (
				BFBAE909E6AA7C6A8FDD3D2DA13012BF /* PBXTargetDependency */,
			);
			name = PeekabooMobileUITests;
			productName = PeekabooMobileUITests;
			productReference = E9E685B08D8107097C9FA5DDBB548015 /* PeekabooMobileUITests.xctest */;
			productType = "com.apple.product-type.bundle.ui-testing";
		};
		7ABEFA8004CD36BC249BAB3AA717B0A4 /* PeekabooMobile */ = {
			isa = PBXNativeTarget;
			buildConfigurationList = FA9A7B21823A50D2B0CC3A1BBE5BA88B /* Build configuration list for PBXNativeTarget "PeekabooMobile" */;
			buildPhases = (
				AFBE3D9206361DB55ED259D7EEA6D7A9 /* Sources */,
				6D87B1937C5D092CF8BAD87A5BE1E81D /* Frameworks */,
				0F051CA3BBC544C1B761F49A4795AF3E /* Resources */,
			);
			buildRules = (
			);
			dependencies = (
			);
			name = PeekabooMobile;
			productName = PeekabooMobile;
			productReference = CDAFA8450C2AE46D2919C08360D98CB7 /* PeekabooMobile.app */;
			productType = "com.apple.product-type.application";
		};
		D1BFAC2CEF200972ACAD86739F06C776 /* PeekabooTests */ = {
			isa = PBXNativeTarget;
			buildConfigurationList = CBE9E87152CCD282960C230E694AEA4A /* Build configuration list for PBXNativeTarget "PeekabooTests" */;
			buildPhases = (
				AA230C21223C48853E98B97888BE8DC1 /* Sources */,
				9DBF3A9449F77D2C7543EAB7EFB1ABA0 /* Frameworks */,
				197518163F85C4120B680601C5740016 /* Resources */,
			);
			buildRules = (
			);
			dependencies = (
				F73DE5F0139FC15D88ED26DE704AC083 /* PBXTargetDependency */,
			);
			name = PeekabooTests;
			productName = PeekabooTests;
			productReference = 6A6A282700784A03D063EB8C91D9834B /* PeekabooTests.xctest */;
			productType = "com.apple.product-type.bundle.unit-test";
		};
		EA24A28AA74D25924083CF7AE04E7535 /* PeekabooUITests */ = {
			isa = PBXNativeTarget;
			buildConfigurationList = CA7E68A2CB761222C92A3302DC9BF92B /* Build configuration list for PBXNativeTarget "PeekabooUITests" */;
			buildPhases = (
				7CEE98AC55427632CDF883C11286CE00 /* Sources */,
				56383A733C46D47133D33243845AC3C7 /* Frameworks */,
				2891B4EE64603BF645F27EB52E2D3AB7 /* Resources */,
			);
			buildRules = (
			);
			dependencies = (
				FDF04D00BE1592AB6001E6CF2FF40AD2 /* PBXTargetDependency */,
			);
			name = PeekabooUITests;
			productName = PeekabooUITests;
			productReference = 975CC944B4D70462EB7312E5B80B9FF5 /* PeekabooUITests.xctest */;
			productType = "com.apple.product-type.bundle.ui-testing";
		};
		F2187DC1DD54C7D394D3652E2A0C722F /* PeekabooMobileTests */ = {
			isa = PBXNativeTarget;
			buildConfigurationList = 9742E823409B051B2E3580D4E35C2B06 /* Build configuration list for PBXNativeTarget "PeekabooMobileTests" */;
			buildPhases = (
				6E77A019192004211B2AC79D3736D2F9 /* Sources */,
				2A0A383680B2CF1BDEC0A4649B206682 /* Frameworks */,
				89AAFA6F75E4E738794F3481DFFA616E /* Resources */,
			);
			buildRules = (
			);
			dependencies = (
				C17692C1D7AD85AA3841CF3A52729DA2 /* PBXTargetDependency */,
			);
			name = PeekabooMobileTests;
			productName = PeekabooMobileTests;
			productReference = C1709CC765ABAA7609171BF04EF76726 /* PeekabooMobileTests.xctest */;
			productType = "com.apple.product-type.bundle.unit-test";
		};
/* End PBXNativeTarget section */

/* Begin PBXProject section */
		99F19F834991D83263BFAD44E7AB152C /* Project object */ = {
			isa = PBXProject;
			attributes = {
				LastSwiftUpdateCheck = 2660;
				LastUpgradeCheck = 2660;
				TargetAttributes = {
					0C3DCAC93C3031981A3AE4A0BA81405F = {
						SystemCapabilities = {
							com.apple.Push = {
								enabled = 1;
							};
							com.apple.iCloud = {
								enabled = 1;
							};
						};
					};
					7ABEFA8004CD36BC249BAB3AA717B0A4 = {
						SystemCapabilities = {
							com.apple.BackgroundModes = {
								enabled = 1;
							};
							com.apple.Push = {
								enabled = 1;
							};
							com.apple.iCloud = {
								enabled = 1;
							};
						};
					};
				};
			};
			buildConfigurationList = 6CB7439B139033E9E975982201483743 /* Build configuration list for PBXProject "Peekaboo" */;
			compatibilityVersion = "Xcode 16.0";
			developmentRegion = en;
			hasScannedForEncodings = 0;
			knownRegions = (
				en,
				Base,
			);
			mainGroup = 2A1497E0F502E4C3AB5B938FCD3E44EE;
			productRefGroup = 4038C8D5CB393F7EB55EB184DED1A955 /* Products */;
			projectDirPath = "";
			projectRoot = "";
			targets = (
				0C3DCAC93C3031981A3AE4A0BA81405F /* Peekaboo */,
				D1BFAC2CEF200972ACAD86739F06C776 /* PeekabooTests */,
				EA24A28AA74D25924083CF7AE04E7535 /* PeekabooUITests */,
				7ABEFA8004CD36BC249BAB3AA717B0A4 /* PeekabooMobile */,
				F2187DC1DD54C7D394D3652E2A0C722F /* PeekabooMobileTests */,
				3FA7943D1F00849FAFD045A124792666 /* PeekabooMobileUITests */,
			);
		};
/* End PBXProject section */

/* Begin PBXResourcesBuildPhase section */
		0F051CA3BBC544C1B761F49A4795AF3E /* Resources */ = {
			isa = PBXResourcesBuildPhase;
			buildActionMask = 2147483647;
			files = (
				619B8B2E7AB258E781DF172B9127DC22 /* Assets.xcassets in Resources */,
				442A17CDBF1BC1E8062CE8C62505D465 /* PrivacyInfo.xcprivacy in Resources */,
			);
			runOnlyForDeploymentPostprocessing = 0;
		};
		197518163F85C4120B680601C5740016 /* Resources */ = {
			isa = PBXResourcesBuildPhase;
			buildActionMask = 2147483647;
			files = (
			);
			runOnlyForDeploymentPostprocessing = 0;
		};
		2891B4EE64603BF645F27EB52E2D3AB7 /* Resources */ = {
			isa = PBXResourcesBuildPhase;
			buildActionMask = 2147483647;
			files = (
			);
			runOnlyForDeploymentPostprocessing = 0;
		};
		6BCE70333C3C5F1427B6995F351E1AFA /* Resources */ = {
			isa = PBXResourcesBuildPhase;
			buildActionMask = 2147483647;
			files = (
				55D84AB16BEFE38C03CA2B127A58769B /* Assets.xcassets in Resources */,
				42D2C30D02F584814C18813E0E54A6FA /* PrivacyInfo.xcprivacy in Resources */,
			);
			runOnlyForDeploymentPostprocessing = 0;
		};
		89AAFA6F75E4E738794F3481DFFA616E /* Resources */ = {
			isa = PBXResourcesBuildPhase;
			buildActionMask = 2147483647;
			files = (
			);
			runOnlyForDeploymentPostprocessing = 0;
		};
		D730E2ECD7A5761EE699B5802B44DD5E /* Resources */ = {
			isa = PBXResourcesBuildPhase;
			buildActionMask = 2147483647;
			files = (
			);
			runOnlyForDeploymentPostprocessing = 0;
		};
/* End PBXResourcesBuildPhase section */

/* Begin PBXSourcesBuildPhase section */
		6E77A019192004211B2AC79D3736D2F9 /* Sources */ = {
			isa = PBXSourcesBuildPhase;
			buildActionMask = 2147483647;
			files = (
				70C3EB53A0D20024010D1C87177AF8CD /* TaskStoreMobileTests.swift in Sources */,
			);
			runOnlyForDeploymentPostprocessing = 0;
		};
		7CEE98AC55427632CDF883C11286CE00 /* Sources */ = {
			isa = PBXSourcesBuildPhase;
			buildActionMask = 2147483647;
			files = (
				39C5A3C7AB12ACAAE87CC698EEDF9374 /* PeekabooUITests.swift in Sources */,
			);
			runOnlyForDeploymentPostprocessing = 0;
		};
		AA230C21223C48853E98B97888BE8DC1 /* Sources */ = {
			isa = PBXSourcesBuildPhase;
			buildActionMask = 2147483647;
			files = (
				0ED4BCB4C58F58FC5A7E70B469CDCC94 /* AgentHTTPRequestTests.swift in Sources */,
				45E1A7BCE8F9D28910A07083AA5B7FC0 /* CornerHoverStateMachineTests.swift in Sources */,
				F656B4535A00E197241E1616E082AEEA /* DailyCleanupServiceTests.swift in Sources */,
				047431B33D5167652AE798A415C76DE2 /* MCPRequestHandlerTests.swift in Sources */,
				F40B6A95DCC5F77B978BE193451B8A2C /* PanelGeometryTests.swift in Sources */,
				E911B6E98AC481A581C83F957773BCC2 /* TaskStoreTests.swift in Sources */,
				5D16048455BAD8DBF7616BA2973F067D /* TestSupport.swift in Sources */,
			);
			runOnlyForDeploymentPostprocessing = 0;
		};
		AFBE3D9206361DB55ED259D7EEA6D7A9 /* Sources */ = {
			isa = PBXSourcesBuildPhase;
			buildActionMask = 2147483647;
			files = (
				4AA7EFD704403A7E0731551E975C1FC2 /* MobileAppModel.swift in Sources */,
				88A34F4730192D40EFC3BF4B8BBF0C8B /* PeekabooMobileApp.swift in Sources */,
				D42FB0660BCB543A7A1CB7799B30ABCA /* MobileAppRoot.swift in Sources */,
				FB358F809179A91BD1E80A3F1F497C29 /* MobileTaskEditor.swift in Sources */,
				6AC229635C2261B456C42A9F5A7CD0F8 /* MobileTaskListScreen.swift in Sources */,
				EDEC2789340356307F09AD4A415A3EF5 /* MobileTaskRow.swift in Sources */,
				64963A63246850685AE4812742C408B4 /* PeekabooTheme.swift in Sources */,
				64F2B32171EFBF3A88D92CFFB50B733A /* TaskActionsMenu.swift in Sources */,
				DDA88EBB49245F2531A205D5825BD40C /* TaskItem.swift in Sources */,
				B98A3C9031261A6D0A08BAD2FBEC41C5 /* TaskTypes.swift in Sources */,
				3657665ECA6DB58626DAB4363813545D /* PersistenceController.swift in Sources */,
				18EFD1B2799D4B77B3894542AC487CDB /* TaskStore.swift in Sources */,
			);
			runOnlyForDeploymentPostprocessing = 0;
		};
		AFD016F5D6A80575C3432B760B0F30C3 /* Sources */ = {
			isa = PBXSourcesBuildPhase;
			buildActionMask = 2147483647;
			files = (
				99F4EF2E3889674C30CC7FFDD42AAB44 /* AppCoordinator.swift in Sources */,
				012C041938E3C795322FEF7514FDD446 /* AppDelegate.swift in Sources */,
				65A786D2AD0C672C1E1CE6D65C4CB248 /* PeekabooApp.swift in Sources */,
				E6C4B582A0BA2FFAC983927DD5312F12 /* PeekabooStyle.swift in Sources */,
				2CD3665DA698EDBF864B6F27066D6095 /* PeekabooTheme.swift in Sources */,
				06BD60B3773AB61388F2DAA595509227 /* TaskActionsMenu.swift in Sources */,
				1BABE7C4832EE391EF16512E16F410D8 /* TaskDragPayload.swift in Sources */,
				6B6AE97E0B36CF93625D39B12D3C6C48 /* TaskItem.swift in Sources */,
				AE9CCC0E302538112B30746ADB06E770 /* TaskTypes.swift in Sources */,
				1DB06FB5325E52B06A734FEE6B1DA9A6 /* AgentAccessTokenStore.swift in Sources */,
				6268C1FFEAC4906016CA03CD2B6D0A84 /* AgentHTTPRequest.swift in Sources */,
				88C7DD326E3A4FC0F7A9595E6A94E979 /* AgentServer.swift in Sources */,
				1D762F14888F65E098403C9BD06D7DA1 /* AgentTaskTools.swift in Sources */,
				1DE85F40A8AEFE350B4532F4185DD94F /* MCPRequestHandler.swift in Sources */,
				1A2AC9F699A92F509C12FD241100F328 /* AppSettings.swift in Sources */,
				4FBD982D8D109649315412A59FBAB4BB /* CornerHoverMonitor.swift in Sources */,
				2162C015631D12811EC27A73DDF10AAE /* CornerHoverStateMachine.swift in Sources */,
				31FC80FAAD545412F2589B3725D1DDD3 /* DailyCleanupService.swift in Sources */,
				A47F761FFE88AE86CB906268E7EFEB3A /* GlobalHotKey.swift in Sources */,
				B530F7935BC40FA0B757A66EC9568D36 /* LoginItemService.swift in Sources */,
				E5FBD9FA461E971425A1794D8009723C /* PanelGeometry.swift in Sources */,
				A3FD2C10AA9E2EEBA14A86A5DF8091FB /* PersistenceController.swift in Sources */,
				435C8EE2B88567822E594A9ABFC237ED /* TaskStore.swift in Sources */,
				2A63260CAC4A8186C773CA50AD2B20FB /* MenuBarView.swift in Sources */,
				B3316EF1BE4EBBE5429708BB4333C1B9 /* PeekPanelView.swift in Sources */,
				A333AC6123FE980DDE2B63B96CEAA600 /* TaskComposerView.swift in Sources */,
				23ED4A70569BFF6E5DF0A2962EA2AD68 /* TaskRowView.swift in Sources */,
				BDE749E1129170E453890A62794FD776 /* TaskSectionView.swift in Sources */,
				C5C0B0D56F019AE9B960AF37D5C2A6A9 /* TaskStatusButton.swift in Sources */,
				6801A8E6794F3DB42B96BA8E880B0BAA /* CornerPicker.swift in Sources */,
				DE753FEC05028A77EB334F682381CBB5 /* SettingsView.swift in Sources */,
				D72E1AD0DE44D99970F397E62371563A /* PanelUIState.swift in Sources */,
				B981AEAA0986EBDA27F4ECA6ED60F34A /* PeekPanel.swift in Sources */,
				090BC9BDAB717A006599D1A9ACBDA6BC /* PeekPanelController.swift in Sources */,
				23C08AF32C7B0A621EEA7678514381ED /* SettingsWindowController.swift in Sources */,
			);
			runOnlyForDeploymentPostprocessing = 0;
		};
		F96830FCFF79B7FA3A23789BEC28B43A /* Sources */ = {
			isa = PBXSourcesBuildPhase;
			buildActionMask = 2147483647;
			files = (
				3B3C40097D831883364E735274E970BE /* PeekabooMobileUITests.swift in Sources */,
			);
			runOnlyForDeploymentPostprocessing = 0;
		};
/* End PBXSourcesBuildPhase section */

/* Begin PBXTargetDependency section */
		BFBAE909E6AA7C6A8FDD3D2DA13012BF /* PBXTargetDependency */ = {
			isa = PBXTargetDependency;
			name = PeekabooMobile;
			target = 7ABEFA8004CD36BC249BAB3AA717B0A4 /* PeekabooMobile */;
			targetProxy = 6B46284B48C26085F37B38A24DE6DD6A /* PBXContainerItemProxy */;
		};
		C17692C1D7AD85AA3841CF3A52729DA2 /* PBXTargetDependency */ = {
			isa = PBXTargetDependency;
			name = PeekabooMobile;
			target = 7ABEFA8004CD36BC249BAB3AA717B0A4 /* PeekabooMobile */;
			targetProxy = D698731E2DCAD70A6E0BADFEDACBD482 /* PBXContainerItemProxy */;
		};
		F73DE5F0139FC15D88ED26DE704AC083 /* PBXTargetDependency */ = {
			isa = PBXTargetDependency;
			name = Peekaboo;
			target = 0C3DCAC93C3031981A3AE4A0BA81405F /* Peekaboo */;
			targetProxy = C96BFF95C22CDE23A7D44895CC851B1A /* PBXContainerItemProxy */;
		};
		FDF04D00BE1592AB6001E6CF2FF40AD2 /* PBXTargetDependency */ = {
			isa = PBXTargetDependency;
			name = Peekaboo;
			target = 0C3DCAC93C3031981A3AE4A0BA81405F /* Peekaboo */;
			targetProxy = 44F8116140A3499063DDCDD1901AEFB6 /* PBXContainerItemProxy */;
		};
/* End PBXTargetDependency section */

/* Begin XCBuildConfiguration section */
		0F3D2124D1EAB407F0CF6148E15BAC16 /* Release */ = {
			isa = XCBuildConfiguration;
			buildSettings = {
				CLANG_ENABLE_OBJC_WEAK = NO;
				CODE_SIGN_STYLE = Automatic;
				DEVELOPMENT_TEAM = HR24WHR326;
				GENERATE_INFOPLIST_FILE = YES;
				IPHONEOS_DEPLOYMENT_TARGET = 17.0;
				PRODUCT_BUNDLE_IDENTIFIER = com.emanueledipietro.PeekabooMobileUITests;
				SDKROOT = iphoneos;
				SUPPORTED_PLATFORMS = "iphoneos iphonesimulator";
				SWIFT_STRICT_CONCURRENCY = minimal;
				SWIFT_VERSION = 5.0;
				TARGETED_DEVICE_FAMILY = 1;
				TEST_TARGET_NAME = PeekabooMobile;
				VALIDATE_PRODUCT = YES;
			};
			name = Release;
		};
		155EA9F29BD330089D65160E734289BC /* Release */ = {
			isa = XCBuildConfiguration;
			buildSettings = {
				BUNDLE_LOADER = "$(TEST_HOST)";
				CLANG_ENABLE_OBJC_WEAK = NO;
				CODE_SIGN_STYLE = Automatic;
				DEVELOPMENT_TEAM = HR24WHR326;
				GENERATE_INFOPLIST_FILE = YES;
				IPHONEOS_DEPLOYMENT_TARGET = 17.0;
				PRODUCT_BUNDLE_IDENTIFIER = com.emanueledipietro.PeekabooMobileTests;
				SDKROOT = iphoneos;
				SUPPORTED_PLATFORMS = "iphoneos iphonesimulator";
				SWIFT_STRICT_CONCURRENCY = minimal;
				SWIFT_VERSION = 5.0;
				TARGETED_DEVICE_FAMILY = 1;
				TEST_HOST = "$(BUILT_PRODUCTS_DIR)/PeekabooMobile.app/PeekabooMobile";
				VALIDATE_PRODUCT = YES;
			};
			name = Release;
		};
		25C8B59FAA3D4A20E7D07F639AFC4B30 /* Local */ = {
			isa = XCBuildConfiguration;
			buildSettings = {
				BUNDLE_LOADER = "$(TEST_HOST)";
				CODE_SIGN_STYLE = Automatic;
				DEVELOPMENT_TEAM = HR24WHR326;
				GENERATE_INFOPLIST_FILE = YES;
				MACOSX_DEPLOYMENT_TARGET = 14.0;
				PRODUCT_BUNDLE_IDENTIFIER = com.emanueledipietro.PeekabooTests;
				SDKROOT = macosx;
				SWIFT_STRICT_CONCURRENCY = minimal;
				SWIFT_VERSION = 5.0;
				TEST_HOST = "$(BUILT_PRODUCTS_DIR)/Peekaboo.app/Contents/MacOS/Peekaboo";
			};
			name = Local;
		};
		347F8669B75B34FDE5F38379B84D2FDF /* Debug */ = {
			isa = XCBuildConfiguration;
			buildSettings = {
				APS_ENVIRONMENT = development;
				ASSETCATALOG_COMPILER_APPICON_NAME = AppIcon;
				ASSETCATALOG_COMPILER_GLOBAL_ACCENT_COLOR_NAME = AccentColor;
				CLANG_ENABLE_OBJC_WEAK = NO;
				CODE_SIGN_ENTITLEMENTS = PeekabooMobile/PeekabooMobile.entitlements;
				CODE_SIGN_STYLE = Automatic;
				CURRENT_PROJECT_VERSION = 14;
				DEVELOPMENT_TEAM = HR24WHR326;
				GENERATE_INFOPLIST_FILE = NO;
				ICLOUD_CONTAINER_ENVIRONMENT = Development;
				INFOPLIST_FILE = PeekabooMobile/Info.plist;
				IPHONEOS_DEPLOYMENT_TARGET = 17.0;
				LD_RUNPATH_SEARCH_PATHS = (
					"$(inherited)",
					"@executable_path/Frameworks",
				);
				MARKETING_VERSION = 1.0;
				PRODUCT_BUNDLE_IDENTIFIER = com.emanueledipietro.Peekaboo;
				PRODUCT_MODULE_NAME = PeekabooMobile;
				PRODUCT_NAME = "$(TARGET_NAME)";
				SDKROOT = iphoneos;
				SUPPORTED_PLATFORMS = "iphoneos iphonesimulator";
				SUPPORTS_MACCATALYST = NO;
				SWIFT_EMIT_LOC_STRINGS = YES;
				SWIFT_STRICT_CONCURRENCY = minimal;
				SWIFT_VERSION = 5.0;
				TARGETED_DEVICE_FAMILY = 1;
			};
			name = Debug;
		};
		34BADC2EF21341DB617C0BCA3FE7BFA0 /* Local */ = {
			isa = XCBuildConfiguration;
			buildSettings = {
				APS_ENVIRONMENT = development;
				ASSETCATALOG_COMPILER_APPICON_NAME = AppIcon;
				ASSETCATALOG_COMPILER_GLOBAL_ACCENT_COLOR_NAME = AccentColor;
				CODE_SIGN_ENTITLEMENTS = Peekaboo/PeekabooLocal.entitlements;
				CODE_SIGN_STYLE = Automatic;
				COMBINE_HIDPI_IMAGES = YES;
				CURRENT_PROJECT_VERSION = 16;
				DEVELOPMENT_TEAM = HR24WHR326;
				ENABLE_APP_SANDBOX = YES;
				ENABLE_HARDENED_RUNTIME = YES;
				GENERATE_INFOPLIST_FILE = NO;
				ICLOUD_CONTAINER_ENVIRONMENT = Development;
				INFOPLIST_FILE = Peekaboo/Info.plist;
				LD_RUNPATH_SEARCH_PATHS = (
					"$(inherited)",
					"@executable_path/../Frameworks",
				);
				MACOSX_DEPLOYMENT_TARGET = 14.0;
				MARKETING_VERSION = 1.1;
				PRODUCT_BUNDLE_IDENTIFIER = com.emanueledipietro.Peekaboo;
				PRODUCT_NAME = "$(TARGET_NAME)";
				SDKROOT = macosx;
				SWIFT_EMIT_LOC_STRINGS = YES;
				SWIFT_STRICT_CONCURRENCY = minimal;
				SWIFT_VERSION = 5.0;
			};
			name = Local;
		};
		38F57B1715022C64B88DCC4326C49CD0 /* Debug */ = {
			isa = XCBuildConfiguration;
			buildSettings = {
				BUNDLE_LOADER = "$(TEST_HOST)";
				CODE_SIGN_STYLE = Automatic;
				DEVELOPMENT_TEAM = HR24WHR326;
				GENERATE_INFOPLIST_FILE = YES;
				MACOSX_DEPLOYMENT_TARGET = 14.0;
				PRODUCT_BUNDLE_IDENTIFIER = com.emanueledipietro.PeekabooTests;
				SDKROOT = macosx;
				SWIFT_STRICT_CONCURRENCY = minimal;
				SWIFT_VERSION = 5.0;
				TEST_HOST = "$(BUILT_PRODUCTS_DIR)/Peekaboo.app/Contents/MacOS/Peekaboo";
			};
			name = Debug;
		};
		557A27FA90EB579086CD7F1390257120 /* Debug */ = {
			isa = XCBuildConfiguration;
			buildSettings = {
				BUNDLE_LOADER = "$(TEST_HOST)";
				CLANG_ENABLE_OBJC_WEAK = NO;
				CODE_SIGN_STYLE = Automatic;
				DEVELOPMENT_TEAM = HR24WHR326;
				GENERATE_INFOPLIST_FILE = YES;
				IPHONEOS_DEPLOYMENT_TARGET = 17.0;
				PRODUCT_BUNDLE_IDENTIFIER = com.emanueledipietro.PeekabooMobileTests;
				SDKROOT = iphoneos;
				SUPPORTED_PLATFORMS = "iphoneos iphonesimulator";
				SWIFT_STRICT_CONCURRENCY = minimal;
				SWIFT_VERSION = 5.0;
				TARGETED_DEVICE_FAMILY = 1;
				TEST_HOST = "$(BUILT_PRODUCTS_DIR)/PeekabooMobile.app/PeekabooMobile";
			};
			name = Debug;
		};
		5CA885ABF4D2702CA98B386B96CE410A /* Local */ = {
			isa = XCBuildConfiguration;
			buildSettings = {
				CODE_SIGN_STYLE = Automatic;
				DEVELOPMENT_TEAM = HR24WHR326;
				GENERATE_INFOPLIST_FILE = YES;
				MACOSX_DEPLOYMENT_TARGET = 14.0;
				PRODUCT_BUNDLE_IDENTIFIER = com.emanueledipietro.PeekabooUITests;
				SDKROOT = macosx;
				SWIFT_STRICT_CONCURRENCY = minimal;
				SWIFT_VERSION = 5.0;
				TEST_TARGET_NAME = Peekaboo;
			};
			name = Local;
		};
		6083502EFEBDA2263737A4028115CF4E /* Debug */ = {
			isa = XCBuildConfiguration;
			buildSettings = {
				ALWAYS_SEARCH_USER_PATHS = NO;
				CLANG_ANALYZER_NONNULL = YES;
				CLANG_ANALYZER_NUMBER_OBJECT_CONVERSION = YES_AGGRESSIVE;
				CLANG_CXX_LANGUAGE_STANDARD = "gnu++14";
				CLANG_CXX_LIBRARY = "libc++";
				CLANG_ENABLE_MODULES = YES;
				CLANG_ENABLE_OBJC_ARC = YES;
				CLANG_ENABLE_OBJC_WEAK = YES;
				CLANG_WARN_BLOCK_CAPTURE_AUTORELEASING = YES;
				CLANG_WARN_BOOL_CONVERSION = YES;
				CLANG_WARN_COMMA = YES;
				CLANG_WARN_CONSTANT_CONVERSION = YES;
				CLANG_WARN_DEPRECATED_OBJC_IMPLEMENTATIONS = YES;
				CLANG_WARN_DIRECT_OBJC_ISA_USAGE = YES_ERROR;
				CLANG_WARN_DOCUMENTATION_COMMENTS = YES;
				CLANG_WARN_EMPTY_BODY = YES;
				CLANG_WARN_ENUM_CONVERSION = YES;
				CLANG_WARN_INFINITE_RECURSION = YES;
				CLANG_WARN_INT_CONVERSION = YES;
				CLANG_WARN_NON_LITERAL_NULL_CONVERSION = YES;
				CLANG_WARN_OBJC_IMPLICIT_RETAIN_SELF = YES;
				CLANG_WARN_OBJC_LITERAL_CONVERSION = YES;
				CLANG_WARN_OBJC_ROOT_CLASS = YES_ERROR;
				CLANG_WARN_QUOTED_INCLUDE_IN_FRAMEWORK_HEADER = YES;
				CLANG_WARN_RANGE_LOOP_ANALYSIS = YES;
				CLANG_WARN_STRICT_PROTOTYPES = YES;
				CLANG_WARN_SUSPICIOUS_MOVE = YES;
				CLANG_WARN_UNGUARDED_AVAILABILITY = YES_AGGRESSIVE;
				CLANG_WARN_UNREACHABLE_CODE = YES;
				CLANG_WARN__DUPLICATE_METHOD_MATCH = YES;
				COPY_PHASE_STRIP = NO;
				DEBUG_INFORMATION_FORMAT = dwarf;
				ENABLE_STRICT_OBJC_MSGSEND = YES;
				ENABLE_TESTABILITY = YES;
				GCC_C_LANGUAGE_STANDARD = gnu11;
				GCC_DYNAMIC_NO_PIC = NO;
				GCC_NO_COMMON_BLOCKS = YES;
				GCC_OPTIMIZATION_LEVEL = 0;
				GCC_PREPROCESSOR_DEFINITIONS = (
					"DEBUG=1",
					"$(inherited)",
				);
				GCC_WARN_64_TO_32_BIT_CONVERSION = YES;
				GCC_WARN_ABOUT_RETURN_TYPE = YES_ERROR;
				GCC_WARN_UNDECLARED_SELECTOR = YES;
				GCC_WARN_UNINITIALIZED_AUTOS = YES_AGGRESSIVE;
				GCC_WARN_UNUSED_FUNCTION = YES;
				GCC_WARN_UNUSED_VARIABLE = YES;
				IPHONEOS_DEPLOYMENT_TARGET = 17.0;
				MACOSX_DEPLOYMENT_TARGET = 14.0;
				MTL_ENABLE_DEBUG_INFO = INCLUDE_SOURCE;
				MTL_FAST_MATH = YES;
				ONLY_ACTIVE_ARCH = YES;
				PRODUCT_NAME = "$(TARGET_NAME)";
				SWIFT_ACTIVE_COMPILATION_CONDITIONS = DEBUG;
				SWIFT_OPTIMIZATION_LEVEL = "-Onone";
				SWIFT_VERSION = 5.0;
			};
			name = Debug;
		};
		6B7AB260295E653627DF8094C0EF0060 /* Local */ = {
			isa = XCBuildConfiguration;
			buildSettings = {
				APS_ENVIRONMENT = development;
				ASSETCATALOG_COMPILER_APPICON_NAME = AppIcon;
				ASSETCATALOG_COMPILER_GLOBAL_ACCENT_COLOR_NAME = AccentColor;
				CLANG_ENABLE_OBJC_WEAK = NO;
				CODE_SIGN_ENTITLEMENTS = PeekabooMobile/PeekabooMobile.entitlements;
				CODE_SIGN_STYLE = Automatic;
				CURRENT_PROJECT_VERSION = 14;
				DEVELOPMENT_TEAM = HR24WHR326;
				GENERATE_INFOPLIST_FILE = NO;
				ICLOUD_CONTAINER_ENVIRONMENT = Development;
				INFOPLIST_FILE = PeekabooMobile/Info.plist;
				IPHONEOS_DEPLOYMENT_TARGET = 17.0;
				LD_RUNPATH_SEARCH_PATHS = (
					"$(inherited)",
					"@executable_path/Frameworks",
				);
				MARKETING_VERSION = 1.0;
				PRODUCT_BUNDLE_IDENTIFIER = com.emanueledipietro.Peekaboo;
				PRODUCT_MODULE_NAME = PeekabooMobile;
				PRODUCT_NAME = "$(TARGET_NAME)";
				SDKROOT = iphoneos;
				SUPPORTED_PLATFORMS = "iphoneos iphonesimulator";
				SUPPORTS_MACCATALYST = NO;
				SWIFT_EMIT_LOC_STRINGS = YES;
				SWIFT_STRICT_CONCURRENCY = minimal;
				SWIFT_VERSION = 5.0;
				TARGETED_DEVICE_FAMILY = 1;
			};
			name = Local;
		};
		7B7A9355586C7FF9AD6141B9C428721D /* Local */ = {
			isa = XCBuildConfiguration;
			buildSettings = {
				ALWAYS_SEARCH_USER_PATHS = NO;
				CLANG_ANALYZER_NONNULL = YES;
				CLANG_ANALYZER_NUMBER_OBJECT_CONVERSION = YES_AGGRESSIVE;
				CLANG_CXX_LANGUAGE_STANDARD = "gnu++14";
				CLANG_CXX_LIBRARY = "libc++";
				CLANG_ENABLE_MODULES = YES;
				CLANG_ENABLE_OBJC_ARC = YES;
				CLANG_ENABLE_OBJC_WEAK = YES;
				CLANG_WARN_BLOCK_CAPTURE_AUTORELEASING = YES;
				CLANG_WARN_BOOL_CONVERSION = YES;
				CLANG_WARN_COMMA = YES;
				CLANG_WARN_CONSTANT_CONVERSION = YES;
				CLANG_WARN_DEPRECATED_OBJC_IMPLEMENTATIONS = YES;
				CLANG_WARN_DIRECT_OBJC_ISA_USAGE = YES_ERROR;
				CLANG_WARN_DOCUMENTATION_COMMENTS = YES;
				CLANG_WARN_EMPTY_BODY = YES;
				CLANG_WARN_ENUM_CONVERSION = YES;
				CLANG_WARN_INFINITE_RECURSION = YES;
				CLANG_WARN_INT_CONVERSION = YES;
				CLANG_WARN_NON_LITERAL_NULL_CONVERSION = YES;
				CLANG_WARN_OBJC_IMPLICIT_RETAIN_SELF = YES;
				CLANG_WARN_OBJC_LITERAL_CONVERSION = YES;
				CLANG_WARN_OBJC_ROOT_CLASS = YES_ERROR;
				CLANG_WARN_QUOTED_INCLUDE_IN_FRAMEWORK_HEADER = YES;
				CLANG_WARN_RANGE_LOOP_ANALYSIS = YES;
				CLANG_WARN_STRICT_PROTOTYPES = YES;
				CLANG_WARN_SUSPICIOUS_MOVE = YES;
				CLANG_WARN_UNGUARDED_AVAILABILITY = YES_AGGRESSIVE;
				CLANG_WARN_UNREACHABLE_CODE = YES;
				CLANG_WARN__DUPLICATE_METHOD_MATCH = YES;
				COPY_PHASE_STRIP = NO;
				DEBUG_INFORMATION_FORMAT = dwarf;
				ENABLE_STRICT_OBJC_MSGSEND = YES;
				ENABLE_TESTABILITY = YES;
				GCC_C_LANGUAGE_STANDARD = gnu11;
				GCC_DYNAMIC_NO_PIC = NO;
				GCC_NO_COMMON_BLOCKS = YES;
				GCC_OPTIMIZATION_LEVEL = 0;
				GCC_PREPROCESSOR_DEFINITIONS = (
					"DEBUG=1",
					"$(inherited)",
				);
				GCC_WARN_64_TO_32_BIT_CONVERSION = YES;
				GCC_WARN_ABOUT_RETURN_TYPE = YES_ERROR;
				GCC_WARN_UNDECLARED_SELECTOR = YES;
				GCC_WARN_UNINITIALIZED_AUTOS = YES_AGGRESSIVE;
				GCC_WARN_UNUSED_FUNCTION = YES;
				GCC_WARN_UNUSED_VARIABLE = YES;
				IPHONEOS_DEPLOYMENT_TARGET = 17.0;
				MACOSX_DEPLOYMENT_TARGET = 14.0;
				MTL_ENABLE_DEBUG_INFO = INCLUDE_SOURCE;
				MTL_FAST_MATH = YES;
				ONLY_ACTIVE_ARCH = YES;
				PRODUCT_NAME = "$(TARGET_NAME)";
				SWIFT_ACTIVE_COMPILATION_CONDITIONS = DEBUG;
				SWIFT_OPTIMIZATION_LEVEL = "-Onone";
				SWIFT_VERSION = 5.0;
			};
			name = Local;
		};
		81583441F804FEDA4DE279CD7A0EEB4F /* Release */ = {
			isa = XCBuildConfiguration;
			buildSettings = {
				BUNDLE_LOADER = "$(TEST_HOST)";
				CODE_SIGN_STYLE = Automatic;
				DEVELOPMENT_TEAM = HR24WHR326;
				GENERATE_INFOPLIST_FILE = YES;
				MACOSX_DEPLOYMENT_TARGET = 14.0;
				PRODUCT_BUNDLE_IDENTIFIER = com.emanueledipietro.PeekabooTests;
				SDKROOT = macosx;
				SWIFT_STRICT_CONCURRENCY = minimal;
				SWIFT_VERSION = 5.0;
				TEST_HOST = "$(BUILT_PRODUCTS_DIR)/Peekaboo.app/Contents/MacOS/Peekaboo";
			};
			name = Release;
		};
		873D5054F036F292C9EBF0332AB99325 /* Release */ = {
			isa = XCBuildConfiguration;
			buildSettings = {
				APS_ENVIRONMENT = production;
				ASSETCATALOG_COMPILER_APPICON_NAME = AppIcon;
				ASSETCATALOG_COMPILER_GLOBAL_ACCENT_COLOR_NAME = AccentColor;
				CLANG_ENABLE_OBJC_WEAK = NO;
				CODE_SIGN_ENTITLEMENTS = PeekabooMobile/PeekabooMobile.entitlements;
				CODE_SIGN_STYLE = Automatic;
				CURRENT_PROJECT_VERSION = 14;
				DEVELOPMENT_TEAM = HR24WHR326;
				GENERATE_INFOPLIST_FILE = NO;
				ICLOUD_CONTAINER_ENVIRONMENT = Production;
				INFOPLIST_FILE = PeekabooMobile/Info.plist;
				IPHONEOS_DEPLOYMENT_TARGET = 17.0;
				LD_RUNPATH_SEARCH_PATHS = (
					"$(inherited)",
					"@executable_path/Frameworks",
				);
				MARKETING_VERSION = 1.0;
				PRODUCT_BUNDLE_IDENTIFIER = com.emanueledipietro.Peekaboo;
				PRODUCT_MODULE_NAME = PeekabooMobile;
				PRODUCT_NAME = "$(TARGET_NAME)";
				SDKROOT = iphoneos;
				SUPPORTED_PLATFORMS = "iphoneos iphonesimulator";
				SUPPORTS_MACCATALYST = NO;
				SWIFT_EMIT_LOC_STRINGS = YES;
				SWIFT_STRICT_CONCURRENCY = minimal;
				SWIFT_VERSION = 5.0;
				TARGETED_DEVICE_FAMILY = 1;
				VALIDATE_PRODUCT = YES;
			};
			name = Release;
		};
		9541ADD54DD7CDFEECB1691667A88F24 /* Local */ = {
			isa = XCBuildConfiguration;
			buildSettings = {
				CLANG_ENABLE_OBJC_WEAK = NO;
				CODE_SIGN_STYLE = Automatic;
				DEVELOPMENT_TEAM = HR24WHR326;
				GENERATE_INFOPLIST_FILE = YES;
				IPHONEOS_DEPLOYMENT_TARGET = 17.0;
				PRODUCT_BUNDLE_IDENTIFIER = com.emanueledipietro.PeekabooMobileUITests;
				SDKROOT = iphoneos;
				SUPPORTED_PLATFORMS = "iphoneos iphonesimulator";
				SWIFT_STRICT_CONCURRENCY = minimal;
				SWIFT_VERSION = 5.0;
				TARGETED_DEVICE_FAMILY = 1;
				TEST_TARGET_NAME = PeekabooMobile;
			};
			name = Local;
		};
		A54F0DBAB7A526A152209E2EEEA6E4C8 /* Debug */ = {
			isa = XCBuildConfiguration;
			buildSettings = {
				APS_ENVIRONMENT = development;
				ASSETCATALOG_COMPILER_APPICON_NAME = AppIcon;
				ASSETCATALOG_COMPILER_GLOBAL_ACCENT_COLOR_NAME = AccentColor;
				CODE_SIGN_ENTITLEMENTS = Peekaboo/PeekabooDebug.entitlements;
				CODE_SIGN_STYLE = Automatic;
				COMBINE_HIDPI_IMAGES = YES;
				CURRENT_PROJECT_VERSION = 16;
				DEVELOPMENT_TEAM = HR24WHR326;
				ENABLE_APP_SANDBOX = YES;
				ENABLE_HARDENED_RUNTIME = YES;
				GENERATE_INFOPLIST_FILE = NO;
				ICLOUD_CONTAINER_ENVIRONMENT = Development;
				INFOPLIST_FILE = Peekaboo/Info.plist;
				LD_RUNPATH_SEARCH_PATHS = (
					"$(inherited)",
					"@executable_path/../Frameworks",
				);
				MACOSX_DEPLOYMENT_TARGET = 14.0;
				MARKETING_VERSION = 1.1;
				PRODUCT_BUNDLE_IDENTIFIER = com.emanueledipietro.Peekaboo;
				PRODUCT_NAME = "$(TARGET_NAME)";
				SDKROOT = macosx;
				SWIFT_EMIT_LOC_STRINGS = YES;
				SWIFT_STRICT_CONCURRENCY = minimal;
				SWIFT_VERSION = 5.0;
			};
			name = Debug;
		};
		ACAF7FED64CE47516BE9639BECF0B34D /* Release */ = {
			isa = XCBuildConfiguration;
			buildSettings = {
				ALWAYS_SEARCH_USER_PATHS = NO;
				CLANG_ANALYZER_NONNULL = YES;
				CLANG_ANALYZER_NUMBER_OBJECT_CONVERSION = YES_AGGRESSIVE;
				CLANG_CXX_LANGUAGE_STANDARD = "gnu++14";
				CLANG_CXX_LIBRARY = "libc++";
				CLANG_ENABLE_MODULES = YES;
				CLANG_ENABLE_OBJC_ARC = YES;
				CLANG_ENABLE_OBJC_WEAK = YES;
				CLANG_WARN_BLOCK_CAPTURE_AUTORELEASING = YES;
				CLANG_WARN_BOOL_CONVERSION = YES;
				CLANG_WARN_COMMA = YES;
				CLANG_WARN_CONSTANT_CONVERSION = YES;
				CLANG_WARN_DEPRECATED_OBJC_IMPLEMENTATIONS = YES;
				CLANG_WARN_DIRECT_OBJC_ISA_USAGE = YES_ERROR;
				CLANG_WARN_DOCUMENTATION_COMMENTS = YES;
				CLANG_WARN_EMPTY_BODY = YES;
				CLANG_WARN_ENUM_CONVERSION = YES;
				CLANG_WARN_INFINITE_RECURSION = YES;
				CLANG_WARN_INT_CONVERSION = YES;
				CLANG_WARN_NON_LITERAL_NULL_CONVERSION = YES;
				CLANG_WARN_OBJC_IMPLICIT_RETAIN_SELF = YES;
				CLANG_WARN_OBJC_LITERAL_CONVERSION = YES;
				CLANG_WARN_OBJC_ROOT_CLASS = YES_ERROR;
				CLANG_WARN_QUOTED_INCLUDE_IN_FRAMEWORK_HEADER = YES;
				CLANG_WARN_RANGE_LOOP_ANALYSIS = YES;
				CLANG_WARN_STRICT_PROTOTYPES = YES;
				CLANG_WARN_SUSPICIOUS_MOVE = YES;
				CLANG_WARN_UNGUARDED_AVAILABILITY = YES_AGGRESSIVE;
				CLANG_WARN_UNREACHABLE_CODE = YES;
				CLANG_WARN__DUPLICATE_METHOD_MATCH = YES;
				COPY_PHASE_STRIP = NO;
				DEBUG_INFORMATION_FORMAT = "dwarf-with-dsym";
				ENABLE_NS_ASSERTIONS = NO;
				ENABLE_STRICT_OBJC_MSGSEND = YES;
				GCC_C_LANGUAGE_STANDARD = gnu11;
				GCC_NO_COMMON_BLOCKS = YES;
				GCC_WARN_64_TO_32_BIT_CONVERSION = YES;
				GCC_WARN_ABOUT_RETURN_TYPE = YES_ERROR;
				GCC_WARN_UNDECLARED_SELECTOR = YES;
				GCC_WARN_UNINITIALIZED_AUTOS = YES_AGGRESSIVE;
				GCC_WARN_UNUSED_FUNCTION = YES;
				GCC_WARN_UNUSED_VARIABLE = YES;
				IPHONEOS_DEPLOYMENT_TARGET = 17.0;
				MACOSX_DEPLOYMENT_TARGET = 14.0;
				MTL_ENABLE_DEBUG_INFO = NO;
				MTL_FAST_MATH = YES;
				PRODUCT_NAME = "$(TARGET_NAME)";
				SWIFT_COMPILATION_MODE = wholemodule;
				SWIFT_OPTIMIZATION_LEVEL = "-O";
				SWIFT_VERSION = 5.0;
			};
			name = Release;
		};
		AD67C849F8375659EE48B79DC0AD0503 /* Debug */ = {
			isa = XCBuildConfiguration;
			buildSettings = {
				CLANG_ENABLE_OBJC_WEAK = NO;
				CODE_SIGN_STYLE = Automatic;
				DEVELOPMENT_TEAM = HR24WHR326;
				GENERATE_INFOPLIST_FILE = YES;
				IPHONEOS_DEPLOYMENT_TARGET = 17.0;
				PRODUCT_BUNDLE_IDENTIFIER = com.emanueledipietro.PeekabooMobileUITests;
				SDKROOT = iphoneos;
				SUPPORTED_PLATFORMS = "iphoneos iphonesimulator";
				SWIFT_STRICT_CONCURRENCY = minimal;
				SWIFT_VERSION = 5.0;
				TARGETED_DEVICE_FAMILY = 1;
				TEST_TARGET_NAME = PeekabooMobile;
			};
			name = Debug;
		};
		B5C435137633574B51FC489EAFFB0CD5 /* Release */ = {
			isa = XCBuildConfiguration;
			buildSettings = {
				CODE_SIGN_STYLE = Automatic;
				DEVELOPMENT_TEAM = HR24WHR326;
				GENERATE_INFOPLIST_FILE = YES;
				MACOSX_DEPLOYMENT_TARGET = 14.0;
				PRODUCT_BUNDLE_IDENTIFIER = com.emanueledipietro.PeekabooUITests;
				SDKROOT = macosx;
				SWIFT_STRICT_CONCURRENCY = minimal;
				SWIFT_VERSION = 5.0;
				TEST_TARGET_NAME = Peekaboo;
			};
			name = Release;
		};
		BEC016C42DB854E3182A2889CE1DA956 /* Release */ = {
			isa = XCBuildConfiguration;
			buildSettings = {
				APS_ENVIRONMENT = production;
				ASSETCATALOG_COMPILER_APPICON_NAME = AppIcon;
				ASSETCATALOG_COMPILER_GLOBAL_ACCENT_COLOR_NAME = AccentColor;
				CODE_SIGN_ENTITLEMENTS = Peekaboo/Peekaboo.entitlements;
				CODE_SIGN_STYLE = Automatic;
				COMBINE_HIDPI_IMAGES = YES;
				CURRENT_PROJECT_VERSION = 16;
				DEVELOPMENT_TEAM = HR24WHR326;
				ENABLE_APP_SANDBOX = YES;
				ENABLE_HARDENED_RUNTIME = YES;
				GENERATE_INFOPLIST_FILE = NO;
				ICLOUD_CONTAINER_ENVIRONMENT = Production;
				INFOPLIST_FILE = Peekaboo/Info.plist;
				LD_RUNPATH_SEARCH_PATHS = (
					"$(inherited)",
					"@executable_path/../Frameworks",
				);
				MACOSX_DEPLOYMENT_TARGET = 14.0;
				MARKETING_VERSION = 1.1;
				PRODUCT_BUNDLE_IDENTIFIER = com.emanueledipietro.Peekaboo;
				PRODUCT_NAME = "$(TARGET_NAME)";
				SDKROOT = macosx;
				SWIFT_EMIT_LOC_STRINGS = YES;
				SWIFT_STRICT_CONCURRENCY = minimal;
				SWIFT_VERSION = 5.0;
			};
			name = Release;
		};
		C12BEE6C24B0A9F916AA7E88F940E33D /* Debug */ = {
			isa = XCBuildConfiguration;
			buildSettings = {
				CODE_SIGN_STYLE = Automatic;
				DEVELOPMENT_TEAM = HR24WHR326;
				GENERATE_INFOPLIST_FILE = YES;
				MACOSX_DEPLOYMENT_TARGET = 14.0;
				PRODUCT_BUNDLE_IDENTIFIER = com.emanueledipietro.PeekabooUITests;
				SDKROOT = macosx;
				SWIFT_STRICT_CONCURRENCY = minimal;
				SWIFT_VERSION = 5.0;
				TEST_TARGET_NAME = Peekaboo;
			};
			name = Debug;
		};
		C86185F6B150E7DF8D112A6F84AFB7B4 /* Local */ = {
			isa = XCBuildConfiguration;
			buildSettings = {
				BUNDLE_LOADER = "$(TEST_HOST)";
				CLANG_ENABLE_OBJC_WEAK = NO;
				CODE_SIGN_STYLE = Automatic;
				DEVELOPMENT_TEAM = HR24WHR326;
				GENERATE_INFOPLIST_FILE = YES;
				IPHONEOS_DEPLOYMENT_TARGET = 17.0;
				PRODUCT_BUNDLE_IDENTIFIER = com.emanueledipietro.PeekabooMobileTests;
				SDKROOT = iphoneos;
				SUPPORTED_PLATFORMS = "iphoneos iphonesimulator";
				SWIFT_STRICT_CONCURRENCY = minimal;
				SWIFT_VERSION = 5.0;
				TARGETED_DEVICE_FAMILY = 1;
				TEST_HOST = "$(BUILT_PRODUCTS_DIR)/PeekabooMobile.app/PeekabooMobile";
			};
			name = Local;
		};
/* End XCBuildConfiguration section */

/* Begin XCConfigurationList section */
		339C77D1E44868907C3484855C779805 /* Build configuration list for PBXNativeTarget "Peekaboo" */ = {
			isa = XCConfigurationList;
			buildConfigurations = (
				BEC016C42DB854E3182A2889CE1DA956 /* Release */,
				A54F0DBAB7A526A152209E2EEEA6E4C8 /* Debug */,
				34BADC2EF21341DB617C0BCA3FE7BFA0 /* Local */,
			);
			defaultConfigurationIsVisible = 0;
			defaultConfigurationName = Release;
		};
		6CB7439B139033E9E975982201483743 /* Build configuration list for PBXProject "Peekaboo" */ = {
			isa = XCConfigurationList;
			buildConfigurations = (
				6083502EFEBDA2263737A4028115CF4E /* Debug */,
				ACAF7FED64CE47516BE9639BECF0B34D /* Release */,
				7B7A9355586C7FF9AD6141B9C428721D /* Local */,
			);
			defaultConfigurationIsVisible = 0;
			defaultConfigurationName = Release;
		};
		9742E823409B051B2E3580D4E35C2B06 /* Build configuration list for PBXNativeTarget "PeekabooMobileTests" */ = {
			isa = XCConfigurationList;
			buildConfigurations = (
				155EA9F29BD330089D65160E734289BC /* Release */,
				557A27FA90EB579086CD7F1390257120 /* Debug */,
				C86185F6B150E7DF8D112A6F84AFB7B4 /* Local */,
			);
			defaultConfigurationIsVisible = 0;
			defaultConfigurationName = Release;
		};
		CA7E68A2CB761222C92A3302DC9BF92B /* Build configuration list for PBXNativeTarget "PeekabooUITests" */ = {
			isa = XCConfigurationList;
			buildConfigurations = (
				B5C435137633574B51FC489EAFFB0CD5 /* Release */,
				C12BEE6C24B0A9F916AA7E88F940E33D /* Debug */,
				5CA885ABF4D2702CA98B386B96CE410A /* Local */,
			);
			defaultConfigurationIsVisible = 0;
			defaultConfigurationName = Release;
		};
		CBE9E87152CCD282960C230E694AEA4A /* Build configuration list for PBXNativeTarget "PeekabooTests" */ = {
			isa = XCConfigurationList;
			buildConfigurations = (
				81583441F804FEDA4DE279CD7A0EEB4F /* Release */,
				38F57B1715022C64B88DCC4326C49CD0 /* Debug */,
				25C8B59FAA3D4A20E7D07F639AFC4B30 /* Local */,
			);
			defaultConfigurationIsVisible = 0;
			defaultConfigurationName = Release;
		};
		FA9A7B21823A50D2B0CC3A1BBE5BA88B /* Build configuration list for PBXNativeTarget "PeekabooMobile" */ = {
			isa = XCConfigurationList;
			buildConfigurations = (
				873D5054F036F292C9EBF0332AB99325 /* Release */,
				347F8669B75B34FDE5F38379B84D2FDF /* Debug */,
				6B7AB260295E653627DF8094C0EF0060 /* Local */,
			);
			defaultConfigurationIsVisible = 0;
			defaultConfigurationName = Release;
		};
		FF14BA1687B3ED6EF4176E4055AE9D0F /* Build configuration list for PBXNativeTarget "PeekabooMobileUITests" */ = {
			isa = XCConfigurationList;
			buildConfigurations = (
				0F3D2124D1EAB407F0CF6148E15BAC16 /* Release */,
				AD67C849F8375659EE48B79DC0AD0503 /* Debug */,
				9541ADD54DD7CDFEECB1691667A88F24 /* Local */,
			);
			defaultConfigurationIsVisible = 0;
			defaultConfigurationName = Release;
		};
/* End XCConfigurationList section */
	};
	rootObject = 99F19F834991D83263BFAD44E7AB152C /* Project object */;
}
